// !$*UTF8*$!
{
	archiveVersion = 1;
	classes = {
	};
	objectVersion = 42;
	objects = {

/* Begin PBXBuildFile section */
		1EFD51790F892B1A00B029BB /* DeSmuME.icns in Resources */ = {isa = PBXBuildFile; fileRef = 7277B62E0D9D9AEA00D283BD /* DeSmuME.icns */; };
		1EFD517A0F892B1A00B029BB /* Localizable.strings in Resources */ = {isa = PBXBuildFile; fileRef = 1F4B55090F53924500C8B514 /* Localizable.strings */; };
		1EFD517D0F892B1A00B029BB /* cocoa_util.m in Sources */ = {isa = PBXBuildFile; fileRef = 729BEC5A0D9D55DB00ED561B /* cocoa_util.m */; };
		1EFD517F0F892B1A00B029BB /* main.mm in Sources */ = {isa = PBXBuildFile; fileRef = 729BEC600D9D55DB00ED561B /* main.mm */; };
		1EFD51800F892B1A00B029BB /* NDSController.mm in Sources */ = {isa = PBXBuildFile; fileRef = 729BEC620D9D55DB00ED561B /* NDSController.mm */; };
		1EFD51810F892B1A00B029BB /* NintendoDS.mm in Sources */ = {isa = PBXBuildFile; fileRef = 729BEC640D9D55DB00ED561B /* NintendoDS.mm */; };
		1EFD51820F892B1A00B029BB /* DesmumePreferencesController.mm in Sources */ = {isa = PBXBuildFile; fileRef = 729BEC660D9D55DB00ED561B /* DesmumePreferencesController.mm */; };
		1EFD51830F892B1A00B029BB /* screenshot.mm in Sources */ = {isa = PBXBuildFile; fileRef = 729BEC6A0D9D55DB00ED561B /* screenshot.mm */; };
		1EFD51840F892B1A00B029BB /* NDSView.mm in Sources */ = {isa = PBXBuildFile; fileRef = 729BEC6E0D9D55DB00ED561B /* NDSView.mm */; };
		1EFD51850F892B1A00B029BB /* about.m in Sources */ = {isa = PBXBuildFile; fileRef = 7277B8EA0D9F25F700D283BD /* about.m */; };
		1EFD51860F892B1A00B029BB /* speed_limit_selection_window.mm in Sources */ = {isa = PBXBuildFile; fileRef = 723395590E596E9100999693 /* speed_limit_selection_window.mm */; };
		1EFD519E0F892B1A00B029BB /* screen_state.m in Sources */ = {isa = PBXBuildFile; fileRef = 72D89DE40E83973A008D9B64 /* screen_state.m */; };
		1EFD51A30F892B1A00B029BB /* sndOSX.mm in Sources */ = {isa = PBXBuildFile; fileRef = 721F43E40EA2A23F0037FB33 /* sndOSX.mm */; };
		1EFD51A40F892B1A00B029BB /* rom_info.m in Sources */ = {isa = PBXBuildFile; fileRef = 721F44220EA2BB6E0037FB33 /* rom_info.m */; };
		1EFD51A70F892B1A00B029BB /* crc.cpp in Sources */ = {isa = PBXBuildFile; fileRef = 1FDD29410F080DBD004021C9 /* crc.cpp */; };
		1EFD51A80F892B1A00B029BB /* decrypt.cpp in Sources */ = {isa = PBXBuildFile; fileRef = 1FDD29430F080DBD004021C9 /* decrypt.cpp */; };
		1EFD51A90F892B1A00B029BB /* header.cpp in Sources */ = {isa = PBXBuildFile; fileRef = 1FDD29450F080DBD004021C9 /* header.cpp */; };
		1EFD51B50F892B1A00B029BB /* gdbstub.cpp in Sources */ = {isa = PBXBuildFile; fileRef = 1EFD50B50F891CA400B029BB /* gdbstub.cpp */; };
		1EFD51B70F892B1A00B029BB /* Cocoa.framework in Frameworks */ = {isa = PBXBuildFile; fileRef = 1058C7A1FEA54F0111CA2CBB /* Cocoa.framework */; };
		1EFD51B80F892B1A00B029BB /* OpenGL.framework in Frameworks */ = {isa = PBXBuildFile; fileRef = 729BECE60D9D57F600ED561B /* OpenGL.framework */; };
		1EFD51B90F892B1A00B029BB /* AudioUnit.framework in Frameworks */ = {isa = PBXBuildFile; fileRef = 729BECEF0D9D581900ED561B /* AudioUnit.framework */; };
		1F4B550A0F53924500C8B514 /* Localizable.strings in Resources */ = {isa = PBXBuildFile; fileRef = 1F4B55090F53924500C8B514 /* Localizable.strings */; };
		1FDD294F0F080DBD004021C9 /* crc.cpp in Sources */ = {isa = PBXBuildFile; fileRef = 1FDD29410F080DBD004021C9 /* crc.cpp */; };
		1FDD29500F080DBD004021C9 /* decrypt.cpp in Sources */ = {isa = PBXBuildFile; fileRef = 1FDD29430F080DBD004021C9 /* decrypt.cpp */; };
		1FDD29510F080DBD004021C9 /* header.cpp in Sources */ = {isa = PBXBuildFile; fileRef = 1FDD29450F080DBD004021C9 /* header.cpp */; };
		22130BB6132EC7C5002DDC42 /* DemumeAppDelegate.mm in Sources */ = {isa = PBXBuildFile; fileRef = 22130BB5132EC7C5002DDC42 /* DemumeAppDelegate.mm */; };
		22130BB7132EC7C5002DDC42 /* DemumeAppDelegate.mm in Sources */ = {isa = PBXBuildFile; fileRef = 22130BB5132EC7C5002DDC42 /* DemumeAppDelegate.mm */; };
		22130BB9132ECE1E002DDC42 /* MainMenu.xib in Resources */ = {isa = PBXBuildFile; fileRef = 22130BB8132ECE1E002DDC42 /* MainMenu.xib */; };
		22130BBA132ECE1E002DDC42 /* MainMenu.xib in Resources */ = {isa = PBXBuildFile; fileRef = 22130BB8132ECE1E002DDC42 /* MainMenu.xib */; };
		22130BBE132ED0E1002DDC42 /* gdb_stub.c in Sources */ = {isa = PBXBuildFile; fileRef = 22130BBC132ED0E1002DDC42 /* gdb_stub.c */; };
		22130BBF132ED0E1002DDC42 /* gdb_stub.c in Sources */ = {isa = PBXBuildFile; fileRef = 22130BBC132ED0E1002DDC42 /* gdb_stub.c */; };
		22134922132CBF6400E191EF /* addons.cpp in Sources */ = {isa = PBXBuildFile; fileRef = 221348B9132CBF6400E191EF /* addons.cpp */; };
		22134923132CBF6400E191EF /* addons.cpp in Sources */ = {isa = PBXBuildFile; fileRef = 221348B9132CBF6400E191EF /* addons.cpp */; };
		22134928132CBF6400E191EF /* arm_instructions.cpp in Sources */ = {isa = PBXBuildFile; fileRef = 221348BF132CBF6400E191EF /* arm_instructions.cpp */; };
		22134929132CBF6400E191EF /* arm_instructions.cpp in Sources */ = {isa = PBXBuildFile; fileRef = 221348BF132CBF6400E191EF /* arm_instructions.cpp */; };
		2213492A132CBF6400E191EF /* armcpu.cpp in Sources */ = {isa = PBXBuildFile; fileRef = 221348C1132CBF6400E191EF /* armcpu.cpp */; };
		2213492B132CBF6400E191EF /* armcpu.cpp in Sources */ = {isa = PBXBuildFile; fileRef = 221348C1132CBF6400E191EF /* armcpu.cpp */; };
		2213492C132CBF6400E191EF /* bios.cpp in Sources */ = {isa = PBXBuildFile; fileRef = 221348C3132CBF6400E191EF /* bios.cpp */; };
		2213492D132CBF6400E191EF /* bios.cpp in Sources */ = {isa = PBXBuildFile; fileRef = 221348C3132CBF6400E191EF /* bios.cpp */; };
		2213492E132CBF6400E191EF /* cheatSystem.cpp in Sources */ = {isa = PBXBuildFile; fileRef = 221348C6132CBF6400E191EF /* cheatSystem.cpp */; };
		2213492F132CBF6400E191EF /* cheatSystem.cpp in Sources */ = {isa = PBXBuildFile; fileRef = 221348C6132CBF6400E191EF /* cheatSystem.cpp */; };
		22134932132CBF6400E191EF /* common.cpp in Sources */ = {isa = PBXBuildFile; fileRef = 221348CA132CBF6400E191EF /* common.cpp */; };
		22134933132CBF6400E191EF /* common.cpp in Sources */ = {isa = PBXBuildFile; fileRef = 221348CA132CBF6400E191EF /* common.cpp */; };
		22134934132CBF6400E191EF /* cp15.cpp in Sources */ = {isa = PBXBuildFile; fileRef = 221348CC132CBF6400E191EF /* cp15.cpp */; };
		22134935132CBF6400E191EF /* cp15.cpp in Sources */ = {isa = PBXBuildFile; fileRef = 221348CC132CBF6400E191EF /* cp15.cpp */; };
		22134938132CBF6400E191EF /* debug.cpp in Sources */ = {isa = PBXBuildFile; fileRef = 221348D0132CBF6400E191EF /* debug.cpp */; };
		22134939132CBF6400E191EF /* debug.cpp in Sources */ = {isa = PBXBuildFile; fileRef = 221348D0132CBF6400E191EF /* debug.cpp */; };
		2213493E132CBF6400E191EF /* Disassembler.cpp in Sources */ = {isa = PBXBuildFile; fileRef = 221348D5132CBF6400E191EF /* Disassembler.cpp */; };
		2213493F132CBF6400E191EF /* Disassembler.cpp in Sources */ = {isa = PBXBuildFile; fileRef = 221348D5132CBF6400E191EF /* Disassembler.cpp */; };
		22134940132CBF6400E191EF /* driver.cpp in Sources */ = {isa = PBXBuildFile; fileRef = 221348D7132CBF6400E191EF /* driver.cpp */; };
		22134941132CBF6400E191EF /* driver.cpp in Sources */ = {isa = PBXBuildFile; fileRef = 221348D7132CBF6400E191EF /* driver.cpp */; };
		22134944132CBF6400E191EF /* emufile.cpp in Sources */ = {isa = PBXBuildFile; fileRef = 221348DC132CBF6400E191EF /* emufile.cpp */; };
		22134945132CBF6400E191EF /* emufile.cpp in Sources */ = {isa = PBXBuildFile; fileRef = 221348DC132CBF6400E191EF /* emufile.cpp */; };
		22134946132CBF6400E191EF /* FIFO.cpp in Sources */ = {isa = PBXBuildFile; fileRef = 221348DF132CBF6400E191EF /* FIFO.cpp */; };
		22134947132CBF6400E191EF /* FIFO.cpp in Sources */ = {isa = PBXBuildFile; fileRef = 221348DF132CBF6400E191EF /* FIFO.cpp */; };
		22134948132CBF6400E191EF /* firmware.cpp in Sources */ = {isa = PBXBuildFile; fileRef = 221348E1132CBF6400E191EF /* firmware.cpp */; };
		22134949132CBF6400E191EF /* firmware.cpp in Sources */ = {isa = PBXBuildFile; fileRef = 221348E1132CBF6400E191EF /* firmware.cpp */; };
		2213494A132CBF6400E191EF /* fs-linux.cpp in Sources */ = {isa = PBXBuildFile; fileRef = 221348E3132CBF6400E191EF /* fs-linux.cpp */; };
		2213494B132CBF6400E191EF /* fs-linux.cpp in Sources */ = {isa = PBXBuildFile; fileRef = 221348E3132CBF6400E191EF /* fs-linux.cpp */; };
		2213494E132CBF6400E191EF /* gfx3d.cpp in Sources */ = {isa = PBXBuildFile; fileRef = 221348E7132CBF6400E191EF /* gfx3d.cpp */; };
		2213494F132CBF6400E191EF /* gfx3d.cpp in Sources */ = {isa = PBXBuildFile; fileRef = 221348E7132CBF6400E191EF /* gfx3d.cpp */; };
		22134950132CBF6400E191EF /* GPU_osd_stub.cpp in Sources */ = {isa = PBXBuildFile; fileRef = 221348E9132CBF6400E191EF /* GPU_osd_stub.cpp */; };
		22134951132CBF6400E191EF /* GPU_osd_stub.cpp in Sources */ = {isa = PBXBuildFile; fileRef = 221348E9132CBF6400E191EF /* GPU_osd_stub.cpp */; };
		22134954132CBF6400E191EF /* GPU.cpp in Sources */ = {isa = PBXBuildFile; fileRef = 221348EC132CBF6400E191EF /* GPU.cpp */; };
		22134955132CBF6400E191EF /* GPU.cpp in Sources */ = {isa = PBXBuildFile; fileRef = 221348EC132CBF6400E191EF /* GPU.cpp */; };
		2213495A132CBF6400E191EF /* matrix.cpp in Sources */ = {isa = PBXBuildFile; fileRef = 221348F0132CBF6400E191EF /* matrix.cpp */; };
		2213495B132CBF6400E191EF /* matrix.cpp in Sources */ = {isa = PBXBuildFile; fileRef = 221348F0132CBF6400E191EF /* matrix.cpp */; };
		2213495C132CBF6400E191EF /* mc.cpp in Sources */ = {isa = PBXBuildFile; fileRef = 221348F2132CBF6400E191EF /* mc.cpp */; };
		2213495D132CBF6400E191EF /* mc.cpp in Sources */ = {isa = PBXBuildFile; fileRef = 221348F2132CBF6400E191EF /* mc.cpp */; };
		22134962132CBF6400E191EF /* mic.cpp in Sources */ = {isa = PBXBuildFile; fileRef = 221348F7132CBF6400E191EF /* mic.cpp */; };
		22134963132CBF6400E191EF /* mic.cpp in Sources */ = {isa = PBXBuildFile; fileRef = 221348F7132CBF6400E191EF /* mic.cpp */; };
		22134964132CBF6400E191EF /* MMU.cpp in Sources */ = {isa = PBXBuildFile; fileRef = 221348FA132CBF6400E191EF /* MMU.cpp */; };
		22134965132CBF6400E191EF /* MMU.cpp in Sources */ = {isa = PBXBuildFile; fileRef = 221348FA132CBF6400E191EF /* MMU.cpp */; };
		22134966132CBF6400E191EF /* movie.cpp in Sources */ = {isa = PBXBuildFile; fileRef = 221348FC132CBF6400E191EF /* movie.cpp */; };
		22134967132CBF6400E191EF /* movie.cpp in Sources */ = {isa = PBXBuildFile; fileRef = 221348FC132CBF6400E191EF /* movie.cpp */; };
		22134968132CBF6400E191EF /* NDSSystem.cpp in Sources */ = {isa = PBXBuildFile; fileRef = 221348FE132CBF6400E191EF /* NDSSystem.cpp */; };
		22134969132CBF6400E191EF /* NDSSystem.cpp in Sources */ = {isa = PBXBuildFile; fileRef = 221348FE132CBF6400E191EF /* NDSSystem.cpp */; };
		2213496A132CBF6400E191EF /* OGLRender.cpp in Sources */ = {isa = PBXBuildFile; fileRef = 22134900132CBF6400E191EF /* OGLRender.cpp */; };
		2213496B132CBF6400E191EF /* OGLRender.cpp in Sources */ = {isa = PBXBuildFile; fileRef = 22134900132CBF6400E191EF /* OGLRender.cpp */; };
		2213496C132CBF6400E191EF /* readwrite.cpp in Sources */ = {isa = PBXBuildFile; fileRef = 22134906132CBF6400E191EF /* readwrite.cpp */; };
		2213496D132CBF6400E191EF /* readwrite.cpp in Sources */ = {isa = PBXBuildFile; fileRef = 22134906132CBF6400E191EF /* readwrite.cpp */; };
		2213496E132CBF6400E191EF /* render3D.cpp in Sources */ = {isa = PBXBuildFile; fileRef = 22134909132CBF6400E191EF /* render3D.cpp */; };
		2213496F132CBF6400E191EF /* render3D.cpp in Sources */ = {isa = PBXBuildFile; fileRef = 22134909132CBF6400E191EF /* render3D.cpp */; };
		22134970132CBF6400E191EF /* ROMReader.cpp in Sources */ = {isa = PBXBuildFile; fileRef = 2213490B132CBF6400E191EF /* ROMReader.cpp */; };
		22134971132CBF6400E191EF /* ROMReader.cpp in Sources */ = {isa = PBXBuildFile; fileRef = 2213490B132CBF6400E191EF /* ROMReader.cpp */; };
		22134972132CBF6400E191EF /* rtc.cpp in Sources */ = {isa = PBXBuildFile; fileRef = 2213490D132CBF6400E191EF /* rtc.cpp */; };
		22134973132CBF6400E191EF /* rtc.cpp in Sources */ = {isa = PBXBuildFile; fileRef = 2213490D132CBF6400E191EF /* rtc.cpp */; };
		22134974132CBF6400E191EF /* saves.cpp in Sources */ = {isa = PBXBuildFile; fileRef = 2213490F132CBF6400E191EF /* saves.cpp */; };
		22134975132CBF6400E191EF /* saves.cpp in Sources */ = {isa = PBXBuildFile; fileRef = 2213490F132CBF6400E191EF /* saves.cpp */; };
		22134976132CBF6400E191EF /* slot1.cpp in Sources */ = {isa = PBXBuildFile; fileRef = 22134912132CBF6400E191EF /* slot1.cpp */; };
		22134977132CBF6400E191EF /* slot1.cpp in Sources */ = {isa = PBXBuildFile; fileRef = 22134912132CBF6400E191EF /* slot1.cpp */; };
		2213497A132CBF6400E191EF /* SPU.cpp in Sources */ = {isa = PBXBuildFile; fileRef = 22134916132CBF6400E191EF /* SPU.cpp */; };
		2213497B132CBF6400E191EF /* SPU.cpp in Sources */ = {isa = PBXBuildFile; fileRef = 22134916132CBF6400E191EF /* SPU.cpp */; };
		2213497C132CBF6400E191EF /* texcache.cpp in Sources */ = {isa = PBXBuildFile; fileRef = 22134918132CBF6400E191EF /* texcache.cpp */; };
		2213497D132CBF6400E191EF /* texcache.cpp in Sources */ = {isa = PBXBuildFile; fileRef = 22134918132CBF6400E191EF /* texcache.cpp */; };
		2213497E132CBF6400E191EF /* thumb_instructions.cpp in Sources */ = {isa = PBXBuildFile; fileRef = 2213491A132CBF6400E191EF /* thumb_instructions.cpp */; };
		2213497F132CBF6400E191EF /* thumb_instructions.cpp in Sources */ = {isa = PBXBuildFile; fileRef = 2213491A132CBF6400E191EF /* thumb_instructions.cpp */; };
		22134982132CBF6400E191EF /* version.cpp in Sources */ = {isa = PBXBuildFile; fileRef = 2213491E132CBF6400E191EF /* version.cpp */; };
		22134983132CBF6400E191EF /* version.cpp in Sources */ = {isa = PBXBuildFile; fileRef = 2213491E132CBF6400E191EF /* version.cpp */; };
		22134984132CBF6400E191EF /* wifi.cpp in Sources */ = {isa = PBXBuildFile; fileRef = 22134920132CBF6400E191EF /* wifi.cpp */; };
		22134985132CBF6400E191EF /* wifi.cpp in Sources */ = {isa = PBXBuildFile; fileRef = 22134920132CBF6400E191EF /* wifi.cpp */; };
		226544F613319E66004CAD6B /* Preferences.xib in Resources */ = {isa = PBXBuildFile; fileRef = 226544F513319E66004CAD6B /* Preferences.xib */; };
		22671EC3132D73A000792805 /* slot1_none.cpp in Sources */ = {isa = PBXBuildFile; fileRef = 22671EBA132D73A000792805 /* slot1_none.cpp */; };
		22671EC4132D73A000792805 /* slot1_none.cpp in Sources */ = {isa = PBXBuildFile; fileRef = 22671EBA132D73A000792805 /* slot1_none.cpp */; };
		22671EC5132D73A000792805 /* slot1_r4.cpp in Sources */ = {isa = PBXBuildFile; fileRef = 22671EBB132D73A000792805 /* slot1_r4.cpp */; };
		22671EC6132D73A000792805 /* slot1_r4.cpp in Sources */ = {isa = PBXBuildFile; fileRef = 22671EBB132D73A000792805 /* slot1_r4.cpp */; };
		22671EC7132D73A000792805 /* slot1_retail.cpp in Sources */ = {isa = PBXBuildFile; fileRef = 22671EBC132D73A000792805 /* slot1_retail.cpp */; };
		22671EC8132D73A000792805 /* slot1_retail.cpp in Sources */ = {isa = PBXBuildFile; fileRef = 22671EBC132D73A000792805 /* slot1_retail.cpp */; };
		22671ECA132D75BC00792805 /* rasterize.cpp in Sources */ = {isa = PBXBuildFile; fileRef = 22671EC9132D75BC00792805 /* rasterize.cpp */; };
		22671ECB132D75BC00792805 /* rasterize.cpp in Sources */ = {isa = PBXBuildFile; fileRef = 22671EC9132D75BC00792805 /* rasterize.cpp */; };
		22671EFE132D763700792805 /* ConvertUTF.c in Sources */ = {isa = PBXBuildFile; fileRef = 22671ECD132D763700792805 /* ConvertUTF.c */; };
		22671EFF132D763700792805 /* ConvertUTF.c in Sources */ = {isa = PBXBuildFile; fileRef = 22671ECD132D763700792805 /* ConvertUTF.c */; };
		22671F00132D763700792805 /* datetime.cpp in Sources */ = {isa = PBXBuildFile; fileRef = 22671ECF132D763700792805 /* datetime.cpp */; };
		22671F01132D763700792805 /* datetime.cpp in Sources */ = {isa = PBXBuildFile; fileRef = 22671ECF132D763700792805 /* datetime.cpp */; };
		22671F08132D763700792805 /* dlditool.cpp in Sources */ = {isa = PBXBuildFile; fileRef = 22671ED8132D763700792805 /* dlditool.cpp */; };
		22671F09132D763700792805 /* dlditool.cpp in Sources */ = {isa = PBXBuildFile; fileRef = 22671ED8132D763700792805 /* dlditool.cpp */; };
		22671F0A132D763700792805 /* guid.cpp in Sources */ = {isa = PBXBuildFile; fileRef = 22671ED9132D763700792805 /* guid.cpp */; };
		22671F0B132D763700792805 /* guid.cpp in Sources */ = {isa = PBXBuildFile; fileRef = 22671ED9132D763700792805 /* guid.cpp */; };
		22671F0C132D763700792805 /* cache.cpp in Sources */ = {isa = PBXBuildFile; fileRef = 22671EDD132D763700792805 /* cache.cpp */; };
		22671F0D132D763700792805 /* cache.cpp in Sources */ = {isa = PBXBuildFile; fileRef = 22671EDD132D763700792805 /* cache.cpp */; };
		22671F0E132D763700792805 /* directory.cpp in Sources */ = {isa = PBXBuildFile; fileRef = 22671EE0132D763700792805 /* directory.cpp */; };
		22671F0F132D763700792805 /* directory.cpp in Sources */ = {isa = PBXBuildFile; fileRef = 22671EE0132D763700792805 /* directory.cpp */; };
		22671F10132D763700792805 /* disc.cpp in Sources */ = {isa = PBXBuildFile; fileRef = 22671EE2132D763700792805 /* disc.cpp */; };
		22671F11132D763700792805 /* disc.cpp in Sources */ = {isa = PBXBuildFile; fileRef = 22671EE2132D763700792805 /* disc.cpp */; };
		22671F12132D763700792805 /* fatdir.cpp in Sources */ = {isa = PBXBuildFile; fileRef = 22671EE6132D763700792805 /* fatdir.cpp */; };
		22671F13132D763700792805 /* fatdir.cpp in Sources */ = {isa = PBXBuildFile; fileRef = 22671EE6132D763700792805 /* fatdir.cpp */; };
		22671F14132D763700792805 /* fatfile.cpp in Sources */ = {isa = PBXBuildFile; fileRef = 22671EE8132D763700792805 /* fatfile.cpp */; };
		22671F15132D763700792805 /* fatfile.cpp in Sources */ = {isa = PBXBuildFile; fileRef = 22671EE8132D763700792805 /* fatfile.cpp */; };
		22671F16132D763700792805 /* file_allocation_table.cpp in Sources */ = {isa = PBXBuildFile; fileRef = 22671EEA132D763700792805 /* file_allocation_table.cpp */; };
		22671F17132D763700792805 /* file_allocation_table.cpp in Sources */ = {isa = PBXBuildFile; fileRef = 22671EEA132D763700792805 /* file_allocation_table.cpp */; };
		22671F18132D763700792805 /* filetime.cpp in Sources */ = {isa = PBXBuildFile; fileRef = 22671EEC132D763700792805 /* filetime.cpp */; };
		22671F19132D763700792805 /* filetime.cpp in Sources */ = {isa = PBXBuildFile; fileRef = 22671EEC132D763700792805 /* filetime.cpp */; };
		22671F1A132D763700792805 /* libfat.cpp in Sources */ = {isa = PBXBuildFile; fileRef = 22671EEE132D763700792805 /* libfat.cpp */; };
		22671F1B132D763700792805 /* libfat.cpp in Sources */ = {isa = PBXBuildFile; fileRef = 22671EEE132D763700792805 /* libfat.cpp */; };
		22671F1C132D763700792805 /* libfat_public_api.cpp in Sources */ = {isa = PBXBuildFile; fileRef = 22671EF0132D763700792805 /* libfat_public_api.cpp */; };
		22671F1D132D763700792805 /* libfat_public_api.cpp in Sources */ = {isa = PBXBuildFile; fileRef = 22671EF0132D763700792805 /* libfat_public_api.cpp */; };
		22671F1E132D763700792805 /* lock.cpp in Sources */ = {isa = PBXBuildFile; fileRef = 22671EF2132D763700792805 /* lock.cpp */; };
		22671F1F132D763700792805 /* lock.cpp in Sources */ = {isa = PBXBuildFile; fileRef = 22671EF2132D763700792805 /* lock.cpp */; };
		22671F20132D763700792805 /* partition.cpp in Sources */ = {isa = PBXBuildFile; fileRef = 22671EF5132D763700792805 /* partition.cpp */; };
		22671F21132D763700792805 /* partition.cpp in Sources */ = {isa = PBXBuildFile; fileRef = 22671EF5132D763700792805 /* partition.cpp */; };
		22671F22132D763700792805 /* md5.cpp in Sources */ = {isa = PBXBuildFile; fileRef = 22671EF7132D763700792805 /* md5.cpp */; };
		22671F23132D763700792805 /* md5.cpp in Sources */ = {isa = PBXBuildFile; fileRef = 22671EF7132D763700792805 /* md5.cpp */; };
		22671F24132D763700792805 /* task.cpp in Sources */ = {isa = PBXBuildFile; fileRef = 22671EF9132D763700792805 /* task.cpp */; };
		22671F25132D763700792805 /* task.cpp in Sources */ = {isa = PBXBuildFile; fileRef = 22671EF9132D763700792805 /* task.cpp */; };
		22671F26132D763700792805 /* xstring.cpp in Sources */ = {isa = PBXBuildFile; fileRef = 22671EFC132D763700792805 /* xstring.cpp */; };
		22671F27132D763700792805 /* xstring.cpp in Sources */ = {isa = PBXBuildFile; fileRef = 22671EFC132D763700792805 /* xstring.cpp */; };
		22671F2E132D7B8B00792805 /* metaspu.cpp in Sources */ = {isa = PBXBuildFile; fileRef = 22671F2C132D7B8B00792805 /* metaspu.cpp */; };
		22671F2F132D7B8B00792805 /* metaspu.cpp in Sources */ = {isa = PBXBuildFile; fileRef = 22671F2C132D7B8B00792805 /* metaspu.cpp */; };
		22A5DD7D134E642D00518C07 /* slot2_expMemory.cpp in Sources */ = {isa = PBXBuildFile; fileRef = 22A5DD75134E642D00518C07 /* slot2_expMemory.cpp */; };
		22A5DD7E134E642D00518C07 /* slot2_expMemory.cpp in Sources */ = {isa = PBXBuildFile; fileRef = 22A5DD75134E642D00518C07 /* slot2_expMemory.cpp */; };
		22A5DD7F134E642D00518C07 /* slot2_gbagame.cpp in Sources */ = {isa = PBXBuildFile; fileRef = 22A5DD76134E642D00518C07 /* slot2_gbagame.cpp */; };
		22A5DD80134E642D00518C07 /* slot2_gbagame.cpp in Sources */ = {isa = PBXBuildFile; fileRef = 22A5DD76134E642D00518C07 /* slot2_gbagame.cpp */; };
		22A5DD81134E642D00518C07 /* slot2_guitarGrip.cpp in Sources */ = {isa = PBXBuildFile; fileRef = 22A5DD77134E642D00518C07 /* slot2_guitarGrip.cpp */; };
		22A5DD82134E642D00518C07 /* slot2_guitarGrip.cpp in Sources */ = {isa = PBXBuildFile; fileRef = 22A5DD77134E642D00518C07 /* slot2_guitarGrip.cpp */; };
		22A5DD83134E642D00518C07 /* slot2_mpcf.cpp in Sources */ = {isa = PBXBuildFile; fileRef = 22A5DD78134E642D00518C07 /* slot2_mpcf.cpp */; };
		22A5DD84134E642D00518C07 /* slot2_mpcf.cpp in Sources */ = {isa = PBXBuildFile; fileRef = 22A5DD78134E642D00518C07 /* slot2_mpcf.cpp */; };
		22A5DD85134E642D00518C07 /* slot2_none.cpp in Sources */ = {isa = PBXBuildFile; fileRef = 22A5DD79134E642D00518C07 /* slot2_none.cpp */; };
		22A5DD86134E642D00518C07 /* slot2_none.cpp in Sources */ = {isa = PBXBuildFile; fileRef = 22A5DD79134E642D00518C07 /* slot2_none.cpp */; };
		22A5DD87134E642D00518C07 /* slot2_paddle.cpp in Sources */ = {isa = PBXBuildFile; fileRef = 22A5DD7A134E642D00518C07 /* slot2_paddle.cpp */; };
		22A5DD88134E642D00518C07 /* slot2_paddle.cpp in Sources */ = {isa = PBXBuildFile; fileRef = 22A5DD7A134E642D00518C07 /* slot2_paddle.cpp */; };
		22A5DD89134E642D00518C07 /* slot2_piano.cpp in Sources */ = {isa = PBXBuildFile; fileRef = 22A5DD7B134E642D00518C07 /* slot2_piano.cpp */; };
		22A5DD8A134E642D00518C07 /* slot2_piano.cpp in Sources */ = {isa = PBXBuildFile; fileRef = 22A5DD7B134E642D00518C07 /* slot2_piano.cpp */; };
		22A5DD8B134E642D00518C07 /* slot2_rumblepak.cpp in Sources */ = {isa = PBXBuildFile; fileRef = 22A5DD7C134E642D00518C07 /* slot2_rumblepak.cpp */; };
		22A5DD8C134E642D00518C07 /* slot2_rumblepak.cpp in Sources */ = {isa = PBXBuildFile; fileRef = 22A5DD7C134E642D00518C07 /* slot2_rumblepak.cpp */; };
		22A5DD90134E646500518C07 /* emufat.cpp in Sources */ = {isa = PBXBuildFile; fileRef = 22A5DD8E134E646500518C07 /* emufat.cpp */; };
		22A5DD91134E646500518C07 /* emufat.cpp in Sources */ = {isa = PBXBuildFile; fileRef = 22A5DD8E134E646500518C07 /* emufat.cpp */; };
		22A5DD94134E64AD00518C07 /* vfat.cpp in Sources */ = {isa = PBXBuildFile; fileRef = 22A5DD92134E64AD00518C07 /* vfat.cpp */; };
		22A5DD95134E64AD00518C07 /* vfat.cpp in Sources */ = {isa = PBXBuildFile; fileRef = 22A5DD92134E64AD00518C07 /* vfat.cpp */; };
		22A5DD97134E64E900518C07 /* input.mm in Sources */ = {isa = PBXBuildFile; fileRef = 22A5DD96134E64E900518C07 /* input.mm */; };
		22A5DD98134E64E900518C07 /* input.mm in Sources */ = {isa = PBXBuildFile; fileRef = 22A5DD96134E64E900518C07 /* input.mm */; };
		721F43E50EA2A23F0037FB33 /* sndOSX.mm in Sources */ = {isa = PBXBuildFile; fileRef = 721F43E40EA2A23F0037FB33 /* sndOSX.mm */; };
		721F44230EA2BB6E0037FB33 /* rom_info.m in Sources */ = {isa = PBXBuildFile; fileRef = 721F44220EA2BB6E0037FB33 /* rom_info.m */; };
		7233955A0E596E9100999693 /* speed_limit_selection_window.mm in Sources */ = {isa = PBXBuildFile; fileRef = 723395590E596E9100999693 /* speed_limit_selection_window.mm */; };
		7277B62F0D9D9AEA00D283BD /* DeSmuME.icns in Resources */ = {isa = PBXBuildFile; fileRef = 7277B62E0D9D9AEA00D283BD /* DeSmuME.icns */; };
		7277B8EB0D9F25F700D283BD /* about.m in Sources */ = {isa = PBXBuildFile; fileRef = 7277B8EA0D9F25F700D283BD /* about.m */; };
		729BEC6F0D9D55DB00ED561B /* cocoa_util.m in Sources */ = {isa = PBXBuildFile; fileRef = 729BEC5A0D9D55DB00ED561B /* cocoa_util.m */; };
		729BEC730D9D55DB00ED561B /* main.mm in Sources */ = {isa = PBXBuildFile; fileRef = 729BEC600D9D55DB00ED561B /* main.mm */; };
		729BEC740D9D55DB00ED561B /* NDSController.mm in Sources */ = {isa = PBXBuildFile; fileRef = 729BEC620D9D55DB00ED561B /* NDSController.mm */; };
		729BEC750D9D55DB00ED561B /* NintendoDS.mm in Sources */ = {isa = PBXBuildFile; fileRef = 729BEC640D9D55DB00ED561B /* NintendoDS.mm */; };
		729BEC760D9D55DB00ED561B /* DesmumePreferencesController.mm in Sources */ = {isa = PBXBuildFile; fileRef = 729BEC660D9D55DB00ED561B /* DesmumePreferencesController.mm */; };
		729BEC780D9D55DB00ED561B /* screenshot.mm in Sources */ = {isa = PBXBuildFile; fileRef = 729BEC6A0D9D55DB00ED561B /* screenshot.mm */; };
		729BEC7A0D9D55DB00ED561B /* NDSView.mm in Sources */ = {isa = PBXBuildFile; fileRef = 729BEC6E0D9D55DB00ED561B /* NDSView.mm */; };
		729BECE70D9D57F600ED561B /* OpenGL.framework in Frameworks */ = {isa = PBXBuildFile; fileRef = 729BECE60D9D57F600ED561B /* OpenGL.framework */; };
		729BECF00D9D581900ED561B /* AudioUnit.framework in Frameworks */ = {isa = PBXBuildFile; fileRef = 729BECEF0D9D581900ED561B /* AudioUnit.framework */; };
		72D89DE50E83973A008D9B64 /* screen_state.m in Sources */ = {isa = PBXBuildFile; fileRef = 72D89DE40E83973A008D9B64 /* screen_state.m */; };
		8D11072F0486CEB800E47090 /* Cocoa.framework in Frameworks */ = {isa = PBXBuildFile; fileRef = 1058C7A1FEA54F0111CA2CBB /* Cocoa.framework */; };
/* End PBXBuildFile section */

/* Begin PBXFileReference section */
		1058C7A1FEA54F0111CA2CBB /* Cocoa.framework */ = {isa = PBXFileReference; lastKnownFileType = wrapper.framework; name = Cocoa.framework; path = /System/Library/Frameworks/Cocoa.framework; sourceTree = "<absolute>"; };
		1EFD50B50F891CA400B029BB /* gdbstub.cpp */ = {isa = PBXFileReference; fileEncoding = 4; lastKnownFileType = sourcecode.cpp.cpp; name = gdbstub.cpp; path = ../gdbstub/gdbstub.cpp; sourceTree = SOURCE_ROOT; };
		1EFD50B60F891CA400B029BB /* gdbstub_internal.h */ = {isa = PBXFileReference; fileEncoding = 4; lastKnownFileType = sourcecode.c.h; name = gdbstub_internal.h; path = ../gdbstub/gdbstub_internal.h; sourceTree = SOURCE_ROOT; };
		1EFD51BE0F892B1A00B029BB /* DeSmuME.app */ = {isa = PBXFileReference; explicitFileType = wrapper.application; includeInIndex = 0; path = DeSmuME.app; sourceTree = BUILT_PRODUCTS_DIR; };
		1F4B55030F53921B00C8B514 /* English */ = {isa = PBXFileReference; fileEncoding = 10; lastKnownFileType = text.plist.strings; name = English; path = translations/English.lproj/Localizable.strings; sourceTree = "<group>"; };
		1F4B550D0F53928000C8B514 /* Italian */ = {isa = PBXFileReference; fileEncoding = 4; lastKnownFileType = text.plist.strings; name = Italian; path = translations/Italian.lproj/Localizable.strings; sourceTree = "<group>"; };
		1F4B550E0F53928400C8B514 /* Japanese */ = {isa = PBXFileReference; fileEncoding = 4; lastKnownFileType = text.plist.strings; name = Japanese; path = translations/Japanese.lproj/Localizable.strings; sourceTree = "<group>"; };
		1F4B550F0F53928700C8B514 /* French */ = {isa = PBXFileReference; lastKnownFileType = text.plist.strings; name = French; path = translations/French.lproj/Localizable.strings; sourceTree = "<group>"; };
		1FDD29410F080DBD004021C9 /* crc.cpp */ = {isa = PBXFileReference; fileEncoding = 4; lastKnownFileType = sourcecode.cpp.cpp; path = crc.cpp; sourceTree = "<group>"; };
		1FDD29420F080DBD004021C9 /* crc.h */ = {isa = PBXFileReference; fileEncoding = 4; lastKnownFileType = sourcecode.c.h; path = crc.h; sourceTree = "<group>"; };
		1FDD29430F080DBD004021C9 /* decrypt.cpp */ = {isa = PBXFileReference; fileEncoding = 4; lastKnownFileType = sourcecode.cpp.cpp; path = decrypt.cpp; sourceTree = "<group>"; };
		1FDD29440F080DBD004021C9 /* decrypt.h */ = {isa = PBXFileReference; fileEncoding = 4; lastKnownFileType = sourcecode.c.h; path = decrypt.h; sourceTree = "<group>"; };
		1FDD29450F080DBD004021C9 /* header.cpp */ = {isa = PBXFileReference; fileEncoding = 4; lastKnownFileType = sourcecode.cpp.cpp; path = header.cpp; sourceTree = "<group>"; };
		1FDD29460F080DBD004021C9 /* header.h */ = {isa = PBXFileReference; fileEncoding = 4; lastKnownFileType = sourcecode.c.h; path = header.h; sourceTree = "<group>"; };
		22130BB4132EC7C4002DDC42 /* DemumeAppDelegate.h */ = {isa = PBXFileReference; fileEncoding = 4; lastKnownFileType = sourcecode.c.h; path = DemumeAppDelegate.h; sourceTree = "<group>"; };
		22130BB5132EC7C5002DDC42 /* DemumeAppDelegate.mm */ = {isa = PBXFileReference; fileEncoding = 4; lastKnownFileType = sourcecode.cpp.objcpp; path = DemumeAppDelegate.mm; sourceTree = "<group>"; };
		22130BB8132ECE1E002DDC42 /* MainMenu.xib */ = {isa = PBXFileReference; fileEncoding = 4; lastKnownFileType = file.xib; path = MainMenu.xib; sourceTree = "<group>"; };
		22130BBC132ED0E1002DDC42 /* gdb_stub.c */ = {isa = PBXFileReference; fileEncoding = 4; lastKnownFileType = sourcecode.c.c; path = gdb_stub.c; sourceTree = "<group>"; };
		221348B9132CBF6400E191EF /* addons.cpp */ = {isa = PBXFileReference; fileEncoding = 4; lastKnownFileType = sourcecode.cpp.cpp; name = addons.cpp; path = ../addons.cpp; sourceTree = "<group>"; };
		221348BA132CBF6400E191EF /* addons.h */ = {isa = PBXFileReference; fileEncoding = 4; lastKnownFileType = sourcecode.c.h; name = addons.h; path = ../addons.h; sourceTree = "<group>"; };
		221348BF132CBF6400E191EF /* arm_instructions.cpp */ = {isa = PBXFileReference; fileEncoding = 4; lastKnownFileType = sourcecode.cpp.cpp; name = arm_instructions.cpp; path = ../arm_instructions.cpp; sourceTree = "<group>"; };
		221348C0132CBF6400E191EF /* arm_instructions.h */ = {isa = PBXFileReference; fileEncoding = 4; lastKnownFileType = sourcecode.c.h; name = arm_instructions.h; path = ../arm_instructions.h; sourceTree = "<group>"; };
		221348C1132CBF6400E191EF /* armcpu.cpp */ = {isa = PBXFileReference; fileEncoding = 4; lastKnownFileType = sourcecode.cpp.cpp; name = armcpu.cpp; path = ../armcpu.cpp; sourceTree = "<group>"; };
		221348C2132CBF6400E191EF /* armcpu.h */ = {isa = PBXFileReference; fileEncoding = 4; lastKnownFileType = sourcecode.c.h; name = armcpu.h; path = ../armcpu.h; sourceTree = "<group>"; };
		221348C3132CBF6400E191EF /* bios.cpp */ = {isa = PBXFileReference; fileEncoding = 4; lastKnownFileType = sourcecode.cpp.cpp; name = bios.cpp; path = ../bios.cpp; sourceTree = "<group>"; };
		221348C4132CBF6400E191EF /* bios.h */ = {isa = PBXFileReference; fileEncoding = 4; lastKnownFileType = sourcecode.c.h; name = bios.h; path = ../bios.h; sourceTree = "<group>"; };
		221348C5132CBF6400E191EF /* bits.h */ = {isa = PBXFileReference; fileEncoding = 4; lastKnownFileType = sourcecode.c.h; name = bits.h; path = ../bits.h; sourceTree = "<group>"; };
		221348C6132CBF6400E191EF /* cheatSystem.cpp */ = {isa = PBXFileReference; fileEncoding = 4; lastKnownFileType = sourcecode.cpp.cpp; name = cheatSystem.cpp; path = ../cheatSystem.cpp; sourceTree = "<group>"; };
		221348C7132CBF6400E191EF /* cheatSystem.h */ = {isa = PBXFileReference; fileEncoding = 4; lastKnownFileType = sourcecode.c.h; name = cheatSystem.h; path = ../cheatSystem.h; sourceTree = "<group>"; };
		221348CA132CBF6400E191EF /* common.cpp */ = {isa = PBXFileReference; fileEncoding = 4; lastKnownFileType = sourcecode.cpp.cpp; name = common.cpp; path = ../common.cpp; sourceTree = "<group>"; };
		221348CB132CBF6400E191EF /* common.h */ = {isa = PBXFileReference; fileEncoding = 4; lastKnownFileType = sourcecode.c.h; name = common.h; path = ../common.h; sourceTree = "<group>"; };
		221348CC132CBF6400E191EF /* cp15.cpp */ = {isa = PBXFileReference; fileEncoding = 4; lastKnownFileType = sourcecode.cpp.cpp; name = cp15.cpp; path = ../cp15.cpp; sourceTree = "<group>"; };
		221348CD132CBF6400E191EF /* cp15.h */ = {isa = PBXFileReference; fileEncoding = 4; lastKnownFileType = sourcecode.c.h; name = cp15.h; path = ../cp15.h; sourceTree = "<group>"; };
		221348D0132CBF6400E191EF /* debug.cpp */ = {isa = PBXFileReference; fileEncoding = 4; lastKnownFileType = sourcecode.cpp.cpp; name = debug.cpp; path = ../debug.cpp; sourceTree = "<group>"; };
		221348D1132CBF6400E191EF /* debug.h */ = {isa = PBXFileReference; fileEncoding = 4; lastKnownFileType = sourcecode.c.h; name = debug.h; path = ../debug.h; sourceTree = "<group>"; };
		221348D5132CBF6400E191EF /* Disassembler.cpp */ = {isa = PBXFileReference; fileEncoding = 4; lastKnownFileType = sourcecode.cpp.cpp; name = Disassembler.cpp; path = ../Disassembler.cpp; sourceTree = "<group>"; };
		221348D6132CBF6400E191EF /* Disassembler.h */ = {isa = PBXFileReference; fileEncoding = 4; lastKnownFileType = sourcecode.c.h; name = Disassembler.h; path = ../Disassembler.h; sourceTree = "<group>"; };
		221348D7132CBF6400E191EF /* driver.cpp */ = {isa = PBXFileReference; fileEncoding = 4; lastKnownFileType = sourcecode.cpp.cpp; name = driver.cpp; path = ../driver.cpp; sourceTree = "<group>"; };
		221348D8132CBF6400E191EF /* driver.h */ = {isa = PBXFileReference; fileEncoding = 4; lastKnownFileType = sourcecode.c.h; name = driver.h; path = ../driver.h; sourceTree = "<group>"; };
		221348DC132CBF6400E191EF /* emufile.cpp */ = {isa = PBXFileReference; fileEncoding = 4; lastKnownFileType = sourcecode.cpp.cpp; name = emufile.cpp; path = ../emufile.cpp; sourceTree = "<group>"; };
		221348DD132CBF6400E191EF /* emufile.h */ = {isa = PBXFileReference; fileEncoding = 4; lastKnownFileType = sourcecode.c.h; name = emufile.h; path = ../emufile.h; sourceTree = "<group>"; };
		221348DF132CBF6400E191EF /* FIFO.cpp */ = {isa = PBXFileReference; fileEncoding = 4; lastKnownFileType = sourcecode.cpp.cpp; name = FIFO.cpp; path = ../FIFO.cpp; sourceTree = "<group>"; };
		221348E0132CBF6400E191EF /* FIFO.h */ = {isa = PBXFileReference; fileEncoding = 4; lastKnownFileType = sourcecode.c.h; name = FIFO.h; path = ../FIFO.h; sourceTree = "<group>"; };
		221348E1132CBF6400E191EF /* firmware.cpp */ = {isa = PBXFileReference; fileEncoding = 4; lastKnownFileType = sourcecode.cpp.cpp; name = firmware.cpp; path = ../firmware.cpp; sourceTree = "<group>"; };
		221348E2132CBF6400E191EF /* firmware.h */ = {isa = PBXFileReference; fileEncoding = 4; lastKnownFileType = sourcecode.c.h; name = firmware.h; path = ../firmware.h; sourceTree = "<group>"; };
		221348E3132CBF6400E191EF /* fs-linux.cpp */ = {isa = PBXFileReference; fileEncoding = 4; lastKnownFileType = sourcecode.cpp.cpp; name = "fs-linux.cpp"; path = "../fs-linux.cpp"; sourceTree = "<group>"; };
		221348E5132CBF6400E191EF /* fs.h */ = {isa = PBXFileReference; fileEncoding = 4; lastKnownFileType = sourcecode.c.h; name = fs.h; path = ../fs.h; sourceTree = "<group>"; };
		221348E6132CBF6400E191EF /* gdbstub.h */ = {isa = PBXFileReference; fileEncoding = 4; lastKnownFileType = sourcecode.c.h; name = gdbstub.h; path = ../gdbstub.h; sourceTree = "<group>"; };
		221348E7132CBF6400E191EF /* gfx3d.cpp */ = {isa = PBXFileReference; fileEncoding = 4; lastKnownFileType = sourcecode.cpp.cpp; name = gfx3d.cpp; path = ../gfx3d.cpp; sourceTree = "<group>"; };
		221348E8132CBF6400E191EF /* gfx3d.h */ = {isa = PBXFileReference; fileEncoding = 4; lastKnownFileType = sourcecode.c.h; name = gfx3d.h; path = ../gfx3d.h; sourceTree = "<group>"; };
		221348E9132CBF6400E191EF /* GPU_osd_stub.cpp */ = {isa = PBXFileReference; fileEncoding = 4; lastKnownFileType = sourcecode.cpp.cpp; name = GPU_osd_stub.cpp; path = ../GPU_osd_stub.cpp; sourceTree = "<group>"; };
		221348EB132CBF6400E191EF /* GPU_osd.h */ = {isa = PBXFileReference; fileEncoding = 4; lastKnownFileType = sourcecode.c.h; name = GPU_osd.h; path = ../GPU_osd.h; sourceTree = "<group>"; };
		221348EC132CBF6400E191EF /* GPU.cpp */ = {isa = PBXFileReference; fileEncoding = 4; lastKnownFileType = sourcecode.cpp.cpp; name = GPU.cpp; path = ../GPU.cpp; sourceTree = "<group>"; };
		221348ED132CBF6400E191EF /* GPU.h */ = {isa = PBXFileReference; fileEncoding = 4; lastKnownFileType = sourcecode.c.h; name = GPU.h; path = ../GPU.h; sourceTree = "<group>"; };
		221348F0132CBF6400E191EF /* matrix.cpp */ = {isa = PBXFileReference; fileEncoding = 4; lastKnownFileType = sourcecode.cpp.cpp; name = matrix.cpp; path = ../matrix.cpp; sourceTree = "<group>"; };
		221348F1132CBF6400E191EF /* matrix.h */ = {isa = PBXFileReference; fileEncoding = 4; lastKnownFileType = sourcecode.c.h; name = matrix.h; path = ../matrix.h; sourceTree = "<group>"; };
		221348F2132CBF6400E191EF /* mc.cpp */ = {isa = PBXFileReference; fileEncoding = 4; lastKnownFileType = sourcecode.cpp.cpp; name = mc.cpp; path = ../mc.cpp; sourceTree = "<group>"; };
		221348F3132CBF6400E191EF /* mc.h */ = {isa = PBXFileReference; fileEncoding = 4; lastKnownFileType = sourcecode.c.h; name = mc.h; path = ../mc.h; sourceTree = "<group>"; };
		221348F4132CBF6400E191EF /* mem.h */ = {isa = PBXFileReference; fileEncoding = 4; lastKnownFileType = sourcecode.c.h; name = mem.h; path = ../mem.h; sourceTree = "<group>"; };
		221348F7132CBF6400E191EF /* mic.cpp */ = {isa = PBXFileReference; fileEncoding = 4; lastKnownFileType = sourcecode.cpp.cpp; name = mic.cpp; path = ../mic.cpp; sourceTree = "<group>"; };
		221348F8132CBF6400E191EF /* mic.h */ = {isa = PBXFileReference; fileEncoding = 4; lastKnownFileType = sourcecode.c.h; name = mic.h; path = ../mic.h; sourceTree = "<group>"; };
		221348F9132CBF6400E191EF /* MMU_timing.h */ = {isa = PBXFileReference; fileEncoding = 4; lastKnownFileType = sourcecode.c.h; name = MMU_timing.h; path = ../MMU_timing.h; sourceTree = "<group>"; };
		221348FA132CBF6400E191EF /* MMU.cpp */ = {isa = PBXFileReference; fileEncoding = 4; lastKnownFileType = sourcecode.cpp.cpp; name = MMU.cpp; path = ../MMU.cpp; sourceTree = "<group>"; };
		221348FB132CBF6400E191EF /* MMU.h */ = {isa = PBXFileReference; fileEncoding = 4; lastKnownFileType = sourcecode.c.h; name = MMU.h; path = ../MMU.h; sourceTree = "<group>"; };
		221348FC132CBF6400E191EF /* movie.cpp */ = {isa = PBXFileReference; fileEncoding = 4; lastKnownFileType = sourcecode.cpp.cpp; name = movie.cpp; path = ../movie.cpp; sourceTree = "<group>"; };
		221348FD132CBF6400E191EF /* movie.h */ = {isa = PBXFileReference; fileEncoding = 4; lastKnownFileType = sourcecode.c.h; name = movie.h; path = ../movie.h; sourceTree = "<group>"; };
		221348FE132CBF6400E191EF /* NDSSystem.cpp */ = {isa = PBXFileReference; fileEncoding = 4; lastKnownFileType = sourcecode.cpp.cpp; name = NDSSystem.cpp; path = ../NDSSystem.cpp; sourceTree = "<group>"; };
		221348FF132CBF6400E191EF /* NDSSystem.h */ = {isa = PBXFileReference; fileEncoding = 4; lastKnownFileType = sourcecode.c.h; name = NDSSystem.h; path = ../NDSSystem.h; sourceTree = "<group>"; };
		22134900132CBF6400E191EF /* OGLRender.cpp */ = {isa = PBXFileReference; fileEncoding = 4; lastKnownFileType = sourcecode.cpp.cpp; name = OGLRender.cpp; path = ../OGLRender.cpp; sourceTree = "<group>"; };
		22134901132CBF6400E191EF /* OGLRender.h */ = {isa = PBXFileReference; fileEncoding = 4; lastKnownFileType = sourcecode.c.h; name = OGLRender.h; path = ../OGLRender.h; sourceTree = "<group>"; };
		22134902132CBF6400E191EF /* PACKED_END.h */ = {isa = PBXFileReference; fileEncoding = 4; lastKnownFileType = sourcecode.c.h; name = PACKED_END.h; path = ../PACKED_END.h; sourceTree = "<group>"; };
		22134903132CBF6400E191EF /* PACKED.h */ = {isa = PBXFileReference; fileEncoding = 4; lastKnownFileType = sourcecode.c.h; name = PACKED.h; path = ../PACKED.h; sourceTree = "<group>"; };
		22134904132CBF6400E191EF /* path.h */ = {isa = PBXFileReference; fileEncoding = 4; lastKnownFileType = sourcecode.c.h; name = path.h; path = ../path.h; sourceTree = "<group>"; };
		22134905132CBF6400E191EF /* rasterize.h */ = {isa = PBXFileReference; fileEncoding = 4; lastKnownFileType = sourcecode.c.h; name = rasterize.h; path = ../rasterize.h; sourceTree = "<group>"; };
		22134906132CBF6400E191EF /* readwrite.cpp */ = {isa = PBXFileReference; fileEncoding = 4; lastKnownFileType = sourcecode.cpp.cpp; name = readwrite.cpp; path = ../readwrite.cpp; sourceTree = "<group>"; };
		22134907132CBF6400E191EF /* readwrite.h */ = {isa = PBXFileReference; fileEncoding = 4; lastKnownFileType = sourcecode.c.h; name = readwrite.h; path = ../readwrite.h; sourceTree = "<group>"; };
		22134908132CBF6400E191EF /* registers.h */ = {isa = PBXFileReference; fileEncoding = 4; lastKnownFileType = sourcecode.c.h; name = registers.h; path = ../registers.h; sourceTree = "<group>"; };
		22134909132CBF6400E191EF /* render3D.cpp */ = {isa = PBXFileReference; fileEncoding = 4; lastKnownFileType = sourcecode.cpp.cpp; name = render3D.cpp; path = ../render3D.cpp; sourceTree = "<group>"; };
		2213490A132CBF6400E191EF /* render3D.h */ = {isa = PBXFileReference; fileEncoding = 4; lastKnownFileType = sourcecode.c.h; name = render3D.h; path = ../render3D.h; sourceTree = "<group>"; };
		2213490B132CBF6400E191EF /* ROMReader.cpp */ = {isa = PBXFileReference; fileEncoding = 4; lastKnownFileType = sourcecode.cpp.cpp; name = ROMReader.cpp; path = ../ROMReader.cpp; sourceTree = "<group>"; };
		2213490C132CBF6400E191EF /* ROMReader.h */ = {isa = PBXFileReference; fileEncoding = 4; lastKnownFileType = sourcecode.c.h; name = ROMReader.h; path = ../ROMReader.h; sourceTree = "<group>"; };
		2213490D132CBF6400E191EF /* rtc.cpp */ = {isa = PBXFileReference; fileEncoding = 4; lastKnownFileType = sourcecode.cpp.cpp; name = rtc.cpp; path = ../rtc.cpp; sourceTree = "<group>"; };
		2213490E132CBF6400E191EF /* rtc.h */ = {isa = PBXFileReference; fileEncoding = 4; lastKnownFileType = sourcecode.c.h; name = rtc.h; path = ../rtc.h; sourceTree = "<group>"; };
		2213490F132CBF6400E191EF /* saves.cpp */ = {isa = PBXFileReference; fileEncoding = 4; lastKnownFileType = sourcecode.cpp.cpp; name = saves.cpp; path = ../saves.cpp; sourceTree = "<group>"; };
		22134910132CBF6400E191EF /* saves.h */ = {isa = PBXFileReference; fileEncoding = 4; lastKnownFileType = sourcecode.c.h; name = saves.h; path = ../saves.h; sourceTree = "<group>"; };
		22134911132CBF6400E191EF /* shaders.h */ = {isa = PBXFileReference; fileEncoding = 4; lastKnownFileType = sourcecode.c.h; name = shaders.h; path = ../shaders.h; sourceTree = "<group>"; };
		22134912132CBF6400E191EF /* slot1.cpp */ = {isa = PBXFileReference; fileEncoding = 4; lastKnownFileType = sourcecode.cpp.cpp; name = slot1.cpp; path = ../slot1.cpp; sourceTree = "<group>"; };
		22134913132CBF6400E191EF /* slot1.h */ = {isa = PBXFileReference; fileEncoding = 4; lastKnownFileType = sourcecode.c.h; name = slot1.h; path = ../slot1.h; sourceTree = "<group>"; };
		22134916132CBF6400E191EF /* SPU.cpp */ = {isa = PBXFileReference; fileEncoding = 4; lastKnownFileType = sourcecode.cpp.cpp; name = SPU.cpp; path = ../SPU.cpp; sourceTree = "<group>"; };
		22134917132CBF6400E191EF /* SPU.h */ = {isa = PBXFileReference; fileEncoding = 4; lastKnownFileType = sourcecode.c.h; name = SPU.h; path = ../SPU.h; sourceTree = "<group>"; };
		22134918132CBF6400E191EF /* texcache.cpp */ = {isa = PBXFileReference; fileEncoding = 4; lastKnownFileType = sourcecode.cpp.cpp; name = texcache.cpp; path = ../texcache.cpp; sourceTree = "<group>"; };
		22134919132CBF6400E191EF /* texcache.h */ = {isa = PBXFileReference; fileEncoding = 4; lastKnownFileType = sourcecode.c.h; name = texcache.h; path = ../texcache.h; sourceTree = "<group>"; };
		2213491A132CBF6400E191EF /* thumb_instructions.cpp */ = {isa = PBXFileReference; fileEncoding = 4; lastKnownFileType = sourcecode.cpp.cpp; name = thumb_instructions.cpp; path = ../thumb_instructions.cpp; sourceTree = "<group>"; };
		2213491B132CBF6400E191EF /* thumb_instructions.h */ = {isa = PBXFileReference; fileEncoding = 4; lastKnownFileType = sourcecode.c.h; name = thumb_instructions.h; path = ../thumb_instructions.h; sourceTree = "<group>"; };
		2213491D132CBF6400E191EF /* types.h */ = {isa = PBXFileReference; fileEncoding = 4; lastKnownFileType = sourcecode.c.h; name = types.h; path = ../types.h; sourceTree = "<group>"; };
		2213491E132CBF6400E191EF /* version.cpp */ = {isa = PBXFileReference; fileEncoding = 4; lastKnownFileType = sourcecode.cpp.cpp; name = version.cpp; path = ../version.cpp; sourceTree = "<group>"; };
		2213491F132CBF6400E191EF /* version.h */ = {isa = PBXFileReference; fileEncoding = 4; lastKnownFileType = sourcecode.c.h; name = version.h; path = ../version.h; sourceTree = "<group>"; };
		22134920132CBF6400E191EF /* wifi.cpp */ = {isa = PBXFileReference; fileEncoding = 4; lastKnownFileType = sourcecode.cpp.cpp; name = wifi.cpp; path = ../wifi.cpp; sourceTree = "<group>"; };
		22134921132CBF6400E191EF /* wifi.h */ = {isa = PBXFileReference; fileEncoding = 4; lastKnownFileType = sourcecode.c.h; name = wifi.h; path = ../wifi.h; sourceTree = "<group>"; };
		226544F513319E66004CAD6B /* Preferences.xib */ = {isa = PBXFileReference; fileEncoding = 4; lastKnownFileType = file.xib; path = Preferences.xib; sourceTree = "<group>"; };
		22671EBA132D73A000792805 /* slot1_none.cpp */ = {isa = PBXFileReference; fileEncoding = 4; lastKnownFileType = sourcecode.cpp.cpp; path = slot1_none.cpp; sourceTree = "<group>"; };
		22671EBB132D73A000792805 /* slot1_r4.cpp */ = {isa = PBXFileReference; fileEncoding = 4; lastKnownFileType = sourcecode.cpp.cpp; path = slot1_r4.cpp; sourceTree = "<group>"; };
		22671EBC132D73A000792805 /* slot1_retail.cpp */ = {isa = PBXFileReference; fileEncoding = 4; lastKnownFileType = sourcecode.cpp.cpp; path = slot1_retail.cpp; sourceTree = "<group>"; };
		22671EC9132D75BC00792805 /* rasterize.cpp */ = {isa = PBXFileReference; fileEncoding = 4; lastKnownFileType = sourcecode.cpp.cpp; name = rasterize.cpp; path = ../rasterize.cpp; sourceTree = "<group>"; };
		22671ECD132D763700792805 /* ConvertUTF.c */ = {isa = PBXFileReference; fileEncoding = 4; lastKnownFileType = sourcecode.c.c; path = ConvertUTF.c; sourceTree = "<group>"; };
		22671ECE132D763700792805 /* ConvertUTF.h */ = {isa = PBXFileReference; fileEncoding = 4; lastKnownFileType = sourcecode.c.h; path = ConvertUTF.h; sourceTree = "<group>"; };
		22671ECF132D763700792805 /* datetime.cpp */ = {isa = PBXFileReference; fileEncoding = 4; lastKnownFileType = sourcecode.cpp.cpp; path = datetime.cpp; sourceTree = "<group>"; };
		22671ED0132D763700792805 /* datetime.h */ = {isa = PBXFileReference; fileEncoding = 4; lastKnownFileType = sourcecode.c.h; path = datetime.h; sourceTree = "<group>"; };
		22671ED2132D763700792805 /* crc.cpp */ = {isa = PBXFileReference; fileEncoding = 4; lastKnownFileType = sourcecode.cpp.cpp; path = crc.cpp; sourceTree = "<group>"; };
		22671ED3132D763700792805 /* crc.h */ = {isa = PBXFileReference; fileEncoding = 4; lastKnownFileType = sourcecode.c.h; path = crc.h; sourceTree = "<group>"; };
		22671ED4132D763700792805 /* decrypt.cpp */ = {isa = PBXFileReference; fileEncoding = 4; lastKnownFileType = sourcecode.cpp.cpp; path = decrypt.cpp; sourceTree = "<group>"; };
		22671ED5132D763700792805 /* decrypt.h */ = {isa = PBXFileReference; fileEncoding = 4; lastKnownFileType = sourcecode.c.h; path = decrypt.h; sourceTree = "<group>"; };
		22671ED6132D763700792805 /* header.cpp */ = {isa = PBXFileReference; fileEncoding = 4; lastKnownFileType = sourcecode.cpp.cpp; path = header.cpp; sourceTree = "<group>"; };
		22671ED7132D763700792805 /* header.h */ = {isa = PBXFileReference; fileEncoding = 4; lastKnownFileType = sourcecode.c.h; path = header.h; sourceTree = "<group>"; };
		22671ED8132D763700792805 /* dlditool.cpp */ = {isa = PBXFileReference; fileEncoding = 4; lastKnownFileType = sourcecode.cpp.cpp; path = dlditool.cpp; sourceTree = "<group>"; };
		22671ED9132D763700792805 /* guid.cpp */ = {isa = PBXFileReference; fileEncoding = 4; lastKnownFileType = sourcecode.cpp.cpp; path = guid.cpp; sourceTree = "<group>"; };
		22671EDA132D763700792805 /* guid.h */ = {isa = PBXFileReference; fileEncoding = 4; lastKnownFileType = sourcecode.c.h; path = guid.h; sourceTree = "<group>"; };
		22671EDC132D763700792805 /* bit_ops.h */ = {isa = PBXFileReference; fileEncoding = 4; lastKnownFileType = sourcecode.c.h; path = bit_ops.h; sourceTree = "<group>"; };
		22671EDD132D763700792805 /* cache.cpp */ = {isa = PBXFileReference; fileEncoding = 4; lastKnownFileType = sourcecode.cpp.cpp; path = cache.cpp; sourceTree = "<group>"; };
		22671EDE132D763700792805 /* cache.h */ = {isa = PBXFileReference; fileEncoding = 4; lastKnownFileType = sourcecode.c.h; path = cache.h; sourceTree = "<group>"; };
		22671EDF132D763700792805 /* common.h */ = {isa = PBXFileReference; fileEncoding = 4; lastKnownFileType = sourcecode.c.h; path = common.h; sourceTree = "<group>"; };
		22671EE0132D763700792805 /* directory.cpp */ = {isa = PBXFileReference; fileEncoding = 4; lastKnownFileType = sourcecode.cpp.cpp; path = directory.cpp; sourceTree = "<group>"; };
		22671EE1132D763700792805 /* directory.h */ = {isa = PBXFileReference; fileEncoding = 4; lastKnownFileType = sourcecode.c.h; path = directory.h; sourceTree = "<group>"; };
		22671EE2132D763700792805 /* disc.cpp */ = {isa = PBXFileReference; fileEncoding = 4; lastKnownFileType = sourcecode.cpp.cpp; path = disc.cpp; sourceTree = "<group>"; };
		22671EE3132D763700792805 /* disc.h */ = {isa = PBXFileReference; fileEncoding = 4; lastKnownFileType = sourcecode.c.h; path = disc.h; sourceTree = "<group>"; };
		22671EE4132D763700792805 /* disc_io.h */ = {isa = PBXFileReference; fileEncoding = 4; lastKnownFileType = sourcecode.c.h; path = disc_io.h; sourceTree = "<group>"; };
		22671EE5132D763700792805 /* fat.h */ = {isa = PBXFileReference; fileEncoding = 4; lastKnownFileType = sourcecode.c.h; path = fat.h; sourceTree = "<group>"; };
		22671EE6132D763700792805 /* fatdir.cpp */ = {isa = PBXFileReference; fileEncoding = 4; lastKnownFileType = sourcecode.cpp.cpp; path = fatdir.cpp; sourceTree = "<group>"; };
		22671EE7132D763700792805 /* fatdir.h */ = {isa = PBXFileReference; fileEncoding = 4; lastKnownFileType = sourcecode.c.h; path = fatdir.h; sourceTree = "<group>"; };
		22671EE8132D763700792805 /* fatfile.cpp */ = {isa = PBXFileReference; fileEncoding = 4; lastKnownFileType = sourcecode.cpp.cpp; path = fatfile.cpp; sourceTree = "<group>"; };
		22671EE9132D763700792805 /* fatfile.h */ = {isa = PBXFileReference; fileEncoding = 4; lastKnownFileType = sourcecode.c.h; path = fatfile.h; sourceTree = "<group>"; };
		22671EEA132D763700792805 /* file_allocation_table.cpp */ = {isa = PBXFileReference; fileEncoding = 4; lastKnownFileType = sourcecode.cpp.cpp; path = file_allocation_table.cpp; sourceTree = "<group>"; };
		22671EEB132D763700792805 /* file_allocation_table.h */ = {isa = PBXFileReference; fileEncoding = 4; lastKnownFileType = sourcecode.c.h; path = file_allocation_table.h; sourceTree = "<group>"; };
		22671EEC132D763700792805 /* filetime.cpp */ = {isa = PBXFileReference; fileEncoding = 4; lastKnownFileType = sourcecode.cpp.cpp; path = filetime.cpp; sourceTree = "<group>"; };
		22671EED132D763700792805 /* filetime.h */ = {isa = PBXFileReference; fileEncoding = 4; lastKnownFileType = sourcecode.c.h; path = filetime.h; sourceTree = "<group>"; };
		22671EEE132D763700792805 /* libfat.cpp */ = {isa = PBXFileReference; fileEncoding = 4; lastKnownFileType = sourcecode.cpp.cpp; path = libfat.cpp; sourceTree = "<group>"; };
		22671EEF132D763700792805 /* libfat_pc.h */ = {isa = PBXFileReference; fileEncoding = 4; lastKnownFileType = sourcecode.c.h; path = libfat_pc.h; sourceTree = "<group>"; };
		22671EF0132D763700792805 /* libfat_public_api.cpp */ = {isa = PBXFileReference; fileEncoding = 4; lastKnownFileType = sourcecode.cpp.cpp; path = libfat_public_api.cpp; sourceTree = "<group>"; };
		22671EF1132D763700792805 /* libfat_public_api.h */ = {isa = PBXFileReference; fileEncoding = 4; lastKnownFileType = sourcecode.c.h; path = libfat_public_api.h; sourceTree = "<group>"; };
		22671EF2132D763700792805 /* lock.cpp */ = {isa = PBXFileReference; fileEncoding = 4; lastKnownFileType = sourcecode.cpp.cpp; path = lock.cpp; sourceTree = "<group>"; };
		22671EF3132D763700792805 /* lock.h */ = {isa = PBXFileReference; fileEncoding = 4; lastKnownFileType = sourcecode.c.h; path = lock.h; sourceTree = "<group>"; };
		22671EF4132D763700792805 /* mem_allocate.h */ = {isa = PBXFileReference; fileEncoding = 4; lastKnownFileType = sourcecode.c.h; path = mem_allocate.h; sourceTree = "<group>"; };
		22671EF5132D763700792805 /* partition.cpp */ = {isa = PBXFileReference; fileEncoding = 4; lastKnownFileType = sourcecode.cpp.cpp; path = partition.cpp; sourceTree = "<group>"; };
		22671EF6132D763700792805 /* partition.h */ = {isa = PBXFileReference; fileEncoding = 4; lastKnownFileType = sourcecode.c.h; path = partition.h; sourceTree = "<group>"; };
		22671EF7132D763700792805 /* md5.cpp */ = {isa = PBXFileReference; fileEncoding = 4; lastKnownFileType = sourcecode.cpp.cpp; path = md5.cpp; sourceTree = "<group>"; };
		22671EF8132D763700792805 /* md5.h */ = {isa = PBXFileReference; fileEncoding = 4; lastKnownFileType = sourcecode.c.h; path = md5.h; sourceTree = "<group>"; };
		22671EF9132D763700792805 /* task.cpp */ = {isa = PBXFileReference; fileEncoding = 4; lastKnownFileType = sourcecode.cpp.cpp; path = task.cpp; sourceTree = "<group>"; };
		22671EFA132D763700792805 /* task.h */ = {isa = PBXFileReference; fileEncoding = 4; lastKnownFileType = sourcecode.c.h; path = task.h; sourceTree = "<group>"; };
		22671EFB132D763700792805 /* valuearray.h */ = {isa = PBXFileReference; fileEncoding = 4; lastKnownFileType = sourcecode.c.h; path = valuearray.h; sourceTree = "<group>"; };
		22671EFC132D763700792805 /* xstring.cpp */ = {isa = PBXFileReference; fileEncoding = 4; lastKnownFileType = sourcecode.cpp.cpp; path = xstring.cpp; sourceTree = "<group>"; };
		22671EFD132D763700792805 /* xstring.h */ = {isa = PBXFileReference; fileEncoding = 4; lastKnownFileType = sourcecode.c.h; path = xstring.h; sourceTree = "<group>"; };
		22671F2C132D7B8B00792805 /* metaspu.cpp */ = {isa = PBXFileReference; fileEncoding = 4; lastKnownFileType = sourcecode.cpp.cpp; path = metaspu.cpp; sourceTree = "<group>"; };
		22671F2D132D7B8B00792805 /* metaspu.h */ = {isa = PBXFileReference; fileEncoding = 4; lastKnownFileType = sourcecode.c.h; path = metaspu.h; sourceTree = "<group>"; };
		22A5DD75134E642D00518C07 /* slot2_expMemory.cpp */ = {isa = PBXFileReference; fileEncoding = 4; lastKnownFileType = sourcecode.cpp.cpp; path = slot2_expMemory.cpp; sourceTree = "<group>"; };
		22A5DD76134E642D00518C07 /* slot2_gbagame.cpp */ = {isa = PBXFileReference; fileEncoding = 4; lastKnownFileType = sourcecode.cpp.cpp; path = slot2_gbagame.cpp; sourceTree = "<group>"; };
		22A5DD77134E642D00518C07 /* slot2_guitarGrip.cpp */ = {isa = PBXFileReference; fileEncoding = 4; lastKnownFileType = sourcecode.cpp.cpp; path = slot2_guitarGrip.cpp; sourceTree = "<group>"; };
		22A5DD78134E642D00518C07 /* slot2_mpcf.cpp */ = {isa = PBXFileReference; fileEncoding = 4; lastKnownFileType = sourcecode.cpp.cpp; path = slot2_mpcf.cpp; sourceTree = "<group>"; };
		22A5DD79134E642D00518C07 /* slot2_none.cpp */ = {isa = PBXFileReference; fileEncoding = 4; lastKnownFileType = sourcecode.cpp.cpp; path = slot2_none.cpp; sourceTree = "<group>"; };
		22A5DD7A134E642D00518C07 /* slot2_paddle.cpp */ = {isa = PBXFileReference; fileEncoding = 4; lastKnownFileType = sourcecode.cpp.cpp; path = slot2_paddle.cpp; sourceTree = "<group>"; };
		22A5DD7B134E642D00518C07 /* slot2_piano.cpp */ = {isa = PBXFileReference; fileEncoding = 4; lastKnownFileType = sourcecode.cpp.cpp; path = slot2_piano.cpp; sourceTree = "<group>"; };
		22A5DD7C134E642D00518C07 /* slot2_rumblepak.cpp */ = {isa = PBXFileReference; fileEncoding = 4; lastKnownFileType = sourcecode.cpp.cpp; path = slot2_rumblepak.cpp; sourceTree = "<group>"; };
		22A5DD8D134E646500518C07 /* emufat_types.h */ = {isa = PBXFileReference; fileEncoding = 4; lastKnownFileType = sourcecode.c.h; path = emufat_types.h; sourceTree = "<group>"; };
		22A5DD8E134E646500518C07 /* emufat.cpp */ = {isa = PBXFileReference; fileEncoding = 4; lastKnownFileType = sourcecode.cpp.cpp; path = emufat.cpp; sourceTree = "<group>"; };
		22A5DD8F134E646500518C07 /* emufat.h */ = {isa = PBXFileReference; fileEncoding = 4; lastKnownFileType = sourcecode.c.h; path = emufat.h; sourceTree = "<group>"; };
		22A5DD92134E64AD00518C07 /* vfat.cpp */ = {isa = PBXFileReference; fileEncoding = 4; lastKnownFileType = sourcecode.cpp.cpp; path = vfat.cpp; sourceTree = "<group>"; };
		22A5DD93134E64AD00518C07 /* vfat.h */ = {isa = PBXFileReference; fileEncoding = 4; lastKnownFileType = sourcecode.c.h; path = vfat.h; sourceTree = "<group>"; };
		22A5DD96134E64E900518C07 /* input.mm */ = {isa = PBXFileReference; fileEncoding = 4; lastKnownFileType = sourcecode.cpp.objcpp; path = input.mm; sourceTree = "<group>"; };
		29B97324FDCFA39411CA2CEA /* AppKit.framework */ = {isa = PBXFileReference; lastKnownFileType = wrapper.framework; name = AppKit.framework; path = /System/Library/Frameworks/AppKit.framework; sourceTree = "<absolute>"; };
		29B97325FDCFA39411CA2CEA /* Foundation.framework */ = {isa = PBXFileReference; lastKnownFileType = wrapper.framework; name = Foundation.framework; path = /System/Library/Frameworks/Foundation.framework; sourceTree = "<absolute>"; };
		721F43E40EA2A23F0037FB33 /* sndOSX.mm */ = {isa = PBXFileReference; fileEncoding = 4; lastKnownFileType = sourcecode.cpp.objcpp; path = sndOSX.mm; sourceTree = "<group>"; };
		721F44210EA2BB6E0037FB33 /* rom_info.h */ = {isa = PBXFileReference; fileEncoding = 4; lastKnownFileType = sourcecode.c.h; name = rom_info.h; path = dialogs/rom_info.h; sourceTree = "<group>"; };
		721F44220EA2BB6E0037FB33 /* rom_info.m */ = {isa = PBXFileReference; fileEncoding = 4; lastKnownFileType = sourcecode.c.objc; name = rom_info.m; path = dialogs/rom_info.m; sourceTree = "<group>"; };
		723395580E596E9100999693 /* speed_limit_selection_window.h */ = {isa = PBXFileReference; fileEncoding = 4; lastKnownFileType = sourcecode.c.h; name = speed_limit_selection_window.h; path = dialogs/speed_limit_selection_window.h; sourceTree = "<group>"; };
		723395590E596E9100999693 /* speed_limit_selection_window.mm */ = {isa = PBXFileReference; fileEncoding = 4; lastKnownFileType = sourcecode.cpp.objcpp; name = speed_limit_selection_window.mm; path = dialogs/speed_limit_selection_window.mm; sourceTree = "<group>"; };
		7277B62E0D9D9AEA00D283BD /* DeSmuME.icns */ = {isa = PBXFileReference; lastKnownFileType = image.icns; path = DeSmuME.icns; sourceTree = "<group>"; };
		7277B8EA0D9F25F700D283BD /* about.m */ = {isa = PBXFileReference; fileEncoding = 4; lastKnownFileType = sourcecode.c.objc; path = about.m; sourceTree = "<group>"; };
		729BEC5A0D9D55DB00ED561B /* cocoa_util.m */ = {isa = PBXFileReference; fileEncoding = 4; lastKnownFileType = sourcecode.c.objc; path = cocoa_util.m; sourceTree = SOURCE_ROOT; };
		729BEC5C0D9D55DB00ED561B /* globals.h */ = {isa = PBXFileReference; fileEncoding = 4; lastKnownFileType = sourcecode.c.h; path = globals.h; sourceTree = SOURCE_ROOT; };
		729BEC5D0D9D55DB00ED561B /* input.h */ = {isa = PBXFileReference; fileEncoding = 4; lastKnownFileType = sourcecode.c.h; path = input.h; sourceTree = SOURCE_ROOT; };
		729BEC600D9D55DB00ED561B /* main.mm */ = {isa = PBXFileReference; fileEncoding = 4; lastKnownFileType = sourcecode.cpp.objcpp; path = main.mm; sourceTree = "<group>"; };
		729BEC610D9D55DB00ED561B /* NDSController.h */ = {isa = PBXFileReference; fileEncoding = 4; lastKnownFileType = sourcecode.c.h; path = NDSController.h; sourceTree = SOURCE_ROOT; };
		729BEC620D9D55DB00ED561B /* NDSController.mm */ = {isa = PBXFileReference; fileEncoding = 4; lastKnownFileType = sourcecode.cpp.objcpp; path = NDSController.mm; sourceTree = "<group>"; };
		729BEC630D9D55DB00ED561B /* NintendoDS.h */ = {isa = PBXFileReference; fileEncoding = 4; lastKnownFileType = sourcecode.c.h; path = NintendoDS.h; sourceTree = SOURCE_ROOT; };
		729BEC640D9D55DB00ED561B /* NintendoDS.mm */ = {isa = PBXFileReference; fileEncoding = 4; lastKnownFileType = sourcecode.cpp.objcpp; path = NintendoDS.mm; sourceTree = "<group>"; };
		729BEC650D9D55DB00ED561B /* DesmumePreferencesController.h */ = {isa = PBXFileReference; fileEncoding = 4; lastKnownFileType = sourcecode.c.h; path = DesmumePreferencesController.h; sourceTree = SOURCE_ROOT; };
		729BEC660D9D55DB00ED561B /* DesmumePreferencesController.mm */ = {isa = PBXFileReference; fileEncoding = 4; lastKnownFileType = sourcecode.cpp.objcpp; path = DesmumePreferencesController.mm; sourceTree = "<group>"; };
		729BEC690D9D55DB00ED561B /* screenshot.h */ = {isa = PBXFileReference; fileEncoding = 4; lastKnownFileType = sourcecode.c.h; path = screenshot.h; sourceTree = SOURCE_ROOT; };
		729BEC6A0D9D55DB00ED561B /* screenshot.mm */ = {isa = PBXFileReference; fileEncoding = 4; lastKnownFileType = sourcecode.cpp.objcpp; path = screenshot.mm; sourceTree = "<group>"; };
		729BEC6B0D9D55DB00ED561B /* sndOSX.h */ = {isa = PBXFileReference; fileEncoding = 4; lastKnownFileType = sourcecode.c.h; path = sndOSX.h; sourceTree = SOURCE_ROOT; };
		729BEC6D0D9D55DB00ED561B /* NDSView.h */ = {isa = PBXFileReference; fileEncoding = 4; lastKnownFileType = sourcecode.c.h; path = NDSView.h; sourceTree = SOURCE_ROOT; };
		729BEC6E0D9D55DB00ED561B /* NDSView.mm */ = {isa = PBXFileReference; fileEncoding = 4; lastKnownFileType = sourcecode.cpp.objcpp; path = NDSView.mm; sourceTree = "<group>"; };
		729BECE60D9D57F600ED561B /* OpenGL.framework */ = {isa = PBXFileReference; lastKnownFileType = wrapper.framework; name = OpenGL.framework; path = /System/Library/Frameworks/OpenGL.framework; sourceTree = "<absolute>"; };
		729BECEF0D9D581900ED561B /* AudioUnit.framework */ = {isa = PBXFileReference; lastKnownFileType = wrapper.framework; name = AudioUnit.framework; path = /System/Library/Frameworks/AudioUnit.framework; sourceTree = "<absolute>"; };
		72C000010D9D59E60046B7EA /* Info.plist */ = {isa = PBXFileReference; fileEncoding = 4; lastKnownFileType = text.plist.xml; path = Info.plist; sourceTree = "<group>"; };
		72C000020D9D59E60046B7EA /* InfoPlist.strings */ = {isa = PBXFileReference; fileEncoding = 10; lastKnownFileType = text.plist.strings; path = InfoPlist.strings; sourceTree = "<group>"; };
		72D89DE30E83973A008D9B64 /* screen_state.h */ = {isa = PBXFileReference; fileEncoding = 4; lastKnownFileType = sourcecode.c.h; path = screen_state.h; sourceTree = "<group>"; };
		72D89DE40E83973A008D9B64 /* screen_state.m */ = {isa = PBXFileReference; fileEncoding = 4; lastKnownFileType = sourcecode.c.objc; path = screen_state.m; sourceTree = "<group>"; };
		8D1107320486CEB800E47090 /* DeSmuME.app */ = {isa = PBXFileReference; explicitFileType = wrapper.application; includeInIndex = 0; path = DeSmuME.app; sourceTree = BUILT_PRODUCTS_DIR; };
/* End PBXFileReference section */

/* Begin PBXFrameworksBuildPhase section */
		1EFD51B60F892B1A00B029BB /* Frameworks */ = {
			isa = PBXFrameworksBuildPhase;
			buildActionMask = 2147483647;
			files = (
				1EFD51B70F892B1A00B029BB /* Cocoa.framework in Frameworks */,
				1EFD51B80F892B1A00B029BB /* OpenGL.framework in Frameworks */,
				1EFD51B90F892B1A00B029BB /* AudioUnit.framework in Frameworks */,
			);
			runOnlyForDeploymentPostprocessing = 0;
		};
		8D11072E0486CEB800E47090 /* Frameworks */ = {
			isa = PBXFrameworksBuildPhase;
			buildActionMask = 2147483647;
			files = (
				8D11072F0486CEB800E47090 /* Cocoa.framework in Frameworks */,
				729BECE70D9D57F600ED561B /* OpenGL.framework in Frameworks */,
				729BECF00D9D581900ED561B /* AudioUnit.framework in Frameworks */,
			);
			runOnlyForDeploymentPostprocessing = 0;
		};
/* End PBXFrameworksBuildPhase section */

/* Begin PBXGroup section */
		080E96DDFE201D6D7F000001 /* Cocoa Port */ = {
			isa = PBXGroup;
			children = (
				29B97317FDCFA39411CA2CEA /* Resources */,
				72D219C40E6B4DDF00439B28 /* Dialogs */,
				22130BBB132ED08A002DDC42 /* Hooks */,
				72D89DE30E83973A008D9B64 /* screen_state.h */,
				72D89DE40E83973A008D9B64 /* screen_state.m */,
				729BEC5C0D9D55DB00ED561B /* globals.h */,
				729BEC600D9D55DB00ED561B /* main.mm */,
				729BEC5A0D9D55DB00ED561B /* cocoa_util.m */,
				729BEC5D0D9D55DB00ED561B /* input.h */,
				22A5DD96134E64E900518C07 /* input.mm */,
				729BEC610D9D55DB00ED561B /* NDSController.h */,
				729BEC620D9D55DB00ED561B /* NDSController.mm */,
				729BEC630D9D55DB00ED561B /* NintendoDS.h */,
				729BEC640D9D55DB00ED561B /* NintendoDS.mm */,
				729BEC6D0D9D55DB00ED561B /* NDSView.h */,
				729BEC6E0D9D55DB00ED561B /* NDSView.mm */,
				22130BB4132EC7C4002DDC42 /* DemumeAppDelegate.h */,
				22130BB5132EC7C5002DDC42 /* DemumeAppDelegate.mm */,
			);
			name = "Cocoa Port";
			sourceTree = "<group>";
		};
		1058C7A0FEA54F0111CA2CBB /* Linked Frameworks */ = {
			isa = PBXGroup;
			children = (
				729BECEF0D9D581900ED561B /* AudioUnit.framework */,
				729BECE60D9D57F600ED561B /* OpenGL.framework */,
				29B97325FDCFA39411CA2CEA /* Foundation.framework */,
				29B97324FDCFA39411CA2CEA /* AppKit.framework */,
				1058C7A1FEA54F0111CA2CBB /* Cocoa.framework */,
			);
			name = "Linked Frameworks";
			sourceTree = "<group>";
		};
		1058C7A2FEA54F0111CA2CBB /* Other Frameworks */ = {
			isa = PBXGroup;
			children = (
			);
			name = "Other Frameworks";
			sourceTree = "<group>";
		};
		19C28FACFE9D520D11CA2CBB /* Products */ = {
			isa = PBXGroup;
			children = (
				8D1107320486CEB800E47090 /* DeSmuME.app */,
				1EFD51BE0F892B1A00B029BB /* DeSmuME.app */,
			);
			name = Products;
			sourceTree = "<group>";
		};
		1EFD50B80F891CAA00B029BB /* gdbstub */ = {
			isa = PBXGroup;
			children = (
				1EFD50B50F891CA400B029BB /* gdbstub.cpp */,
				1EFD50B60F891CA400B029BB /* gdbstub_internal.h */,
			);
			name = gdbstub;
			sourceTree = "<group>";
		};
		1FB372750F1CBAB200F75A43 /* addons */ = {
			isa = PBXGroup;
			children = (
				22671EBA132D73A000792805 /* slot1_none.cpp */,
				22671EBB132D73A000792805 /* slot1_r4.cpp */,
				22671EBC132D73A000792805 /* slot1_retail.cpp */,
				22A5DD75134E642D00518C07 /* slot2_expMemory.cpp */,
				22A5DD76134E642D00518C07 /* slot2_gbagame.cpp */,
				22A5DD77134E642D00518C07 /* slot2_guitarGrip.cpp */,
				22A5DD78134E642D00518C07 /* slot2_mpcf.cpp */,
				22A5DD79134E642D00518C07 /* slot2_none.cpp */,
				22A5DD7A134E642D00518C07 /* slot2_paddle.cpp */,
				22A5DD7B134E642D00518C07 /* slot2_piano.cpp */,
				22A5DD7C134E642D00518C07 /* slot2_rumblepak.cpp */,
			);
			name = addons;
			path = ../addons;
			sourceTree = SOURCE_ROOT;
		};
		1FDD29400F080DBD004021C9 /* decrypt */ = {
			isa = PBXGroup;
			children = (
				1FDD29410F080DBD004021C9 /* crc.cpp */,
				1FDD29420F080DBD004021C9 /* crc.h */,
				1FDD29430F080DBD004021C9 /* decrypt.cpp */,
				1FDD29440F080DBD004021C9 /* decrypt.h */,
				1FDD29450F080DBD004021C9 /* header.cpp */,
				1FDD29460F080DBD004021C9 /* header.h */,
			);
			name = decrypt;
			path = ../utils/decrypt;
			sourceTree = SOURCE_ROOT;
		};
		22130BBB132ED08A002DDC42 /* Hooks */ = {
			isa = PBXGroup;
			children = (
				729BEC6B0D9D55DB00ED561B /* sndOSX.h */,
				721F43E40EA2A23F0037FB33 /* sndOSX.mm */,
				22130BBC132ED0E1002DDC42 /* gdb_stub.c */,
			);
			name = Hooks;
			sourceTree = "<group>";
		};
		22671ECC132D763700792805 /* utils */ = {
			isa = PBXGroup;
			children = (
				22671ECD132D763700792805 /* ConvertUTF.c */,
				22671ECE132D763700792805 /* ConvertUTF.h */,
				22671ECF132D763700792805 /* datetime.cpp */,
				22671ED0132D763700792805 /* datetime.h */,
				22671ED1132D763700792805 /* decrypt */,
				22671ED8132D763700792805 /* dlditool.cpp */,
				22A5DD8D134E646500518C07 /* emufat_types.h */,
				22A5DD8E134E646500518C07 /* emufat.cpp */,
				22A5DD8F134E646500518C07 /* emufat.h */,
				22671ED9132D763700792805 /* guid.cpp */,
				22671EDA132D763700792805 /* guid.h */,
				22671EDB132D763700792805 /* libfat */,
				22671EF7132D763700792805 /* md5.cpp */,
				22671EF8132D763700792805 /* md5.h */,
				22671EF9132D763700792805 /* task.cpp */,
				22671EFA132D763700792805 /* task.h */,
				22671EFB132D763700792805 /* valuearray.h */,
				22A5DD92134E64AD00518C07 /* vfat.cpp */,
				22A5DD93134E64AD00518C07 /* vfat.h */,
				22671EFC132D763700792805 /* xstring.cpp */,
				22671EFD132D763700792805 /* xstring.h */,
			);
			name = utils;
			path = ../utils;
			sourceTree = "<group>";
		};
		22671ED1132D763700792805 /* decrypt */ = {
			isa = PBXGroup;
			children = (
				22671ED2132D763700792805 /* crc.cpp */,
				22671ED3132D763700792805 /* crc.h */,
				22671ED4132D763700792805 /* decrypt.cpp */,
				22671ED5132D763700792805 /* decrypt.h */,
				22671ED6132D763700792805 /* header.cpp */,
				22671ED7132D763700792805 /* header.h */,
			);
			path = decrypt;
			sourceTree = "<group>";
		};
		22671EDB132D763700792805 /* libfat */ = {
			isa = PBXGroup;
			children = (
				22671EDC132D763700792805 /* bit_ops.h */,
				22671EDD132D763700792805 /* cache.cpp */,
				22671EDE132D763700792805 /* cache.h */,
				22671EDF132D763700792805 /* common.h */,
				22671EE0132D763700792805 /* directory.cpp */,
				22671EE1132D763700792805 /* directory.h */,
				22671EE2132D763700792805 /* disc.cpp */,
				22671EE3132D763700792805 /* disc.h */,
				22671EE4132D763700792805 /* disc_io.h */,
				22671EE5132D763700792805 /* fat.h */,
				22671EE6132D763700792805 /* fatdir.cpp */,
				22671EE7132D763700792805 /* fatdir.h */,
				22671EE8132D763700792805 /* fatfile.cpp */,
				22671EE9132D763700792805 /* fatfile.h */,
				22671EEA132D763700792805 /* file_allocation_table.cpp */,
				22671EEB132D763700792805 /* file_allocation_table.h */,
				22671EEC132D763700792805 /* filetime.cpp */,
				22671EED132D763700792805 /* filetime.h */,
				22671EEE132D763700792805 /* libfat.cpp */,
				22671EEF132D763700792805 /* libfat_pc.h */,
				22671EF0132D763700792805 /* libfat_public_api.cpp */,
				22671EF1132D763700792805 /* libfat_public_api.h */,
				22671EF2132D763700792805 /* lock.cpp */,
				22671EF3132D763700792805 /* lock.h */,
				22671EF4132D763700792805 /* mem_allocate.h */,
				22671EF5132D763700792805 /* partition.cpp */,
				22671EF6132D763700792805 /* partition.h */,
			);
			path = libfat;
			sourceTree = "<group>";
		};
		22671F2B132D7B8900792805 /* metaspu */ = {
			isa = PBXGroup;
			children = (
				22671F2C132D7B8B00792805 /* metaspu.cpp */,
				22671F2D132D7B8B00792805 /* metaspu.h */,
			);
			name = metaspu;
			path = ../metaspu;
			sourceTree = "<group>";
		};
		29B97314FDCFA39411CA2CEA /* DeSmuME */ = {
			isa = PBXGroup;
			children = (
				080E96DDFE201D6D7F000001 /* Cocoa Port */,
				29B97315FDCFA39411CA2CEA /* Core */,
				29B97323FDCFA39411CA2CEA /* Frameworks */,
				19C28FACFE9D520D11CA2CBB /* Products */,
			);
			name = DeSmuME;
			sourceTree = "<group>";
		};
		29B97315FDCFA39411CA2CEA /* Core */ = {
			isa = PBXGroup;
			children = (
				221348B9132CBF6400E191EF /* addons.cpp */,
				221348BA132CBF6400E191EF /* addons.h */,
				221348BF132CBF6400E191EF /* arm_instructions.cpp */,
				221348C0132CBF6400E191EF /* arm_instructions.h */,
				221348C1132CBF6400E191EF /* armcpu.cpp */,
				221348C2132CBF6400E191EF /* armcpu.h */,
				221348C3132CBF6400E191EF /* bios.cpp */,
				221348C4132CBF6400E191EF /* bios.h */,
				221348C5132CBF6400E191EF /* bits.h */,
				221348C6132CBF6400E191EF /* cheatSystem.cpp */,
				221348C7132CBF6400E191EF /* cheatSystem.h */,
				221348CA132CBF6400E191EF /* common.cpp */,
				221348CB132CBF6400E191EF /* common.h */,
				221348CC132CBF6400E191EF /* cp15.cpp */,
				221348CD132CBF6400E191EF /* cp15.h */,
				221348D0132CBF6400E191EF /* debug.cpp */,
				221348D1132CBF6400E191EF /* debug.h */,
				221348D5132CBF6400E191EF /* Disassembler.cpp */,
				221348D6132CBF6400E191EF /* Disassembler.h */,
				221348D7132CBF6400E191EF /* driver.cpp */,
				221348D8132CBF6400E191EF /* driver.h */,
				221348DC132CBF6400E191EF /* emufile.cpp */,
				221348DD132CBF6400E191EF /* emufile.h */,
				221348DF132CBF6400E191EF /* FIFO.cpp */,
				221348E0132CBF6400E191EF /* FIFO.h */,
				221348E1132CBF6400E191EF /* firmware.cpp */,
				221348E2132CBF6400E191EF /* firmware.h */,
				221348E3132CBF6400E191EF /* fs-linux.cpp */,
				221348E5132CBF6400E191EF /* fs.h */,
				221348E6132CBF6400E191EF /* gdbstub.h */,
				221348E7132CBF6400E191EF /* gfx3d.cpp */,
				221348E8132CBF6400E191EF /* gfx3d.h */,
				221348E9132CBF6400E191EF /* GPU_osd_stub.cpp */,
				221348EB132CBF6400E191EF /* GPU_osd.h */,
				221348EC132CBF6400E191EF /* GPU.cpp */,
				221348ED132CBF6400E191EF /* GPU.h */,
				221348F0132CBF6400E191EF /* matrix.cpp */,
				221348F1132CBF6400E191EF /* matrix.h */,
				221348F2132CBF6400E191EF /* mc.cpp */,
				221348F3132CBF6400E191EF /* mc.h */,
				221348F4132CBF6400E191EF /* mem.h */,
				221348F7132CBF6400E191EF /* mic.cpp */,
				221348F8132CBF6400E191EF /* mic.h */,
				221348F9132CBF6400E191EF /* MMU_timing.h */,
				221348FA132CBF6400E191EF /* MMU.cpp */,
				221348FB132CBF6400E191EF /* MMU.h */,
				221348FC132CBF6400E191EF /* movie.cpp */,
				221348FD132CBF6400E191EF /* movie.h */,
				221348FE132CBF6400E191EF /* NDSSystem.cpp */,
				221348FF132CBF6400E191EF /* NDSSystem.h */,
				22134900132CBF6400E191EF /* OGLRender.cpp */,
				22134901132CBF6400E191EF /* OGLRender.h */,
				22134902132CBF6400E191EF /* PACKED_END.h */,
				22134903132CBF6400E191EF /* PACKED.h */,
				22134904132CBF6400E191EF /* path.h */,
				22671EC9132D75BC00792805 /* rasterize.cpp */,
				22134905132CBF6400E191EF /* rasterize.h */,
				22134906132CBF6400E191EF /* readwrite.cpp */,
				22134907132CBF6400E191EF /* readwrite.h */,
				22134908132CBF6400E191EF /* registers.h */,
				22134909132CBF6400E191EF /* render3D.cpp */,
				2213490A132CBF6400E191EF /* render3D.h */,
				2213490B132CBF6400E191EF /* ROMReader.cpp */,
				2213490C132CBF6400E191EF /* ROMReader.h */,
				2213490D132CBF6400E191EF /* rtc.cpp */,
				2213490E132CBF6400E191EF /* rtc.h */,
				2213490F132CBF6400E191EF /* saves.cpp */,
				22134910132CBF6400E191EF /* saves.h */,
				22134911132CBF6400E191EF /* shaders.h */,
				22134912132CBF6400E191EF /* slot1.cpp */,
				22134913132CBF6400E191EF /* slot1.h */,
				22134916132CBF6400E191EF /* SPU.cpp */,
				22134917132CBF6400E191EF /* SPU.h */,
				22134918132CBF6400E191EF /* texcache.cpp */,
				22134919132CBF6400E191EF /* texcache.h */,
				2213491A132CBF6400E191EF /* thumb_instructions.cpp */,
				2213491B132CBF6400E191EF /* thumb_instructions.h */,
				2213491D132CBF6400E191EF /* types.h */,
				2213491E132CBF6400E191EF /* version.cpp */,
				2213491F132CBF6400E191EF /* version.h */,
				22134920132CBF6400E191EF /* wifi.cpp */,
				22134921132CBF6400E191EF /* wifi.h */,
				1EFD50B80F891CAA00B029BB /* gdbstub */,
				1FB372750F1CBAB200F75A43 /* addons */,
				1FDD29400F080DBD004021C9 /* decrypt */,
				22671F2B132D7B8900792805 /* metaspu */,
				22671ECC132D763700792805 /* utils */,
			);
			name = Core;
			sourceTree = "<group>";
		};
		29B97317FDCFA39411CA2CEA /* Resources */ = {
			isa = PBXGroup;
			children = (
				1F4B55090F53924500C8B514 /* Localizable.strings */,
				72C000010D9D59E60046B7EA /* Info.plist */,
				72C000020D9D59E60046B7EA /* InfoPlist.strings */,
				7277B62E0D9D9AEA00D283BD /* DeSmuME.icns */,
				22130BB8132ECE1E002DDC42 /* MainMenu.xib */,
				226544F513319E66004CAD6B /* Preferences.xib */,
			);
			name = Resources;
			sourceTree = "<group>";
		};
		29B97323FDCFA39411CA2CEA /* Frameworks */ = {
			isa = PBXGroup;
			children = (
				1058C7A0FEA54F0111CA2CBB /* Linked Frameworks */,
				1058C7A2FEA54F0111CA2CBB /* Other Frameworks */,
			);
			name = Frameworks;
			sourceTree = "<group>";
		};
		72D219C40E6B4DDF00439B28 /* Dialogs */ = {
			isa = PBXGroup;
			children = (
				729BEC690D9D55DB00ED561B /* screenshot.h */,
				729BEC6A0D9D55DB00ED561B /* screenshot.mm */,
				7277B8EA0D9F25F700D283BD /* about.m */,
				721F44210EA2BB6E0037FB33 /* rom_info.h */,
				721F44220EA2BB6E0037FB33 /* rom_info.m */,
				723395580E596E9100999693 /* speed_limit_selection_window.h */,
				723395590E596E9100999693 /* speed_limit_selection_window.mm */,
				729BEC650D9D55DB00ED561B /* DesmumePreferencesController.h */,
				729BEC660D9D55DB00ED561B /* DesmumePreferencesController.mm */,
			);
			name = Dialogs;
			sourceTree = "<group>";
		};
/* End PBXGroup section */

/* Begin PBXNativeTarget section */
		1EFD51770F892B1A00B029BB /* DeSmuME_gdbstub */ = {
			isa = PBXNativeTarget;
			buildConfigurationList = 1EFD51BB0F892B1A00B029BB /* Build configuration list for PBXNativeTarget "DeSmuME_gdbstub" */;
			buildPhases = (
				1EFD51780F892B1A00B029BB /* Resources */,
				1EFD517C0F892B1A00B029BB /* Sources */,
				1EFD51B60F892B1A00B029BB /* Frameworks */,
				1EFD51BA0F892B1A00B029BB /* ShellScript */,
			);
			buildRules = (
			);
			dependencies = (
			);
			name = DeSmuME_gdbstub;
			productInstallPath = "$(HOME)/Applications";
			productName = DeSmuME;
			productReference = 1EFD51BE0F892B1A00B029BB /* DeSmuME.app */;
			productType = "com.apple.product-type.application";
		};
		8D1107260486CEB800E47090 /* DeSmuME */ = {
			isa = PBXNativeTarget;
			buildConfigurationList = C01FCF4A08A954540054247B /* Build configuration list for PBXNativeTarget "DeSmuME" */;
			buildPhases = (
				8D1107290486CEB800E47090 /* Resources */,
				8D11072C0486CEB800E47090 /* Sources */,
				8D11072E0486CEB800E47090 /* Frameworks */,
				72C000600D9D61BF0046B7EA /* ShellScript */,
			);
			buildRules = (
			);
			dependencies = (
			);
			name = DeSmuME;
			productInstallPath = "$(HOME)/Applications";
			productName = DeSmuME;
			productReference = 8D1107320486CEB800E47090 /* DeSmuME.app */;
			productType = "com.apple.product-type.application";
		};
/* End PBXNativeTarget section */

/* Begin PBXProject section */
		29B97313FDCFA39411CA2CEA /* Project object */ = {
			isa = PBXProject;
			buildConfigurationList = C01FCF4E08A954540054247B /* Build configuration list for PBXProject "DeSmuME" */;
			compatibilityVersion = "Xcode 2.4";
			developmentRegion = English;
			hasScannedForEncodings = 1;
			knownRegions = (
				English,
				Japanese,
				French,
				German,
				TestLocale,
				Italian,
			);
			mainGroup = 29B97314FDCFA39411CA2CEA /* DeSmuME */;
			projectDirPath = "";
			projectRoot = "";
			targets = (
				8D1107260486CEB800E47090 /* DeSmuME */,
				1EFD51770F892B1A00B029BB /* DeSmuME_gdbstub */,
			);
		};
/* End PBXProject section */

/* Begin PBXResourcesBuildPhase section */
		1EFD51780F892B1A00B029BB /* Resources */ = {
			isa = PBXResourcesBuildPhase;
			buildActionMask = 2147483647;
			files = (
				1EFD51790F892B1A00B029BB /* DeSmuME.icns in Resources */,
				1EFD517A0F892B1A00B029BB /* Localizable.strings in Resources */,
				22130BBA132ECE1E002DDC42 /* MainMenu.xib in Resources */,
			);
			runOnlyForDeploymentPostprocessing = 0;
		};
		8D1107290486CEB800E47090 /* Resources */ = {
			isa = PBXResourcesBuildPhase;
			buildActionMask = 2147483647;
			files = (
				7277B62F0D9D9AEA00D283BD /* DeSmuME.icns in Resources */,
				1F4B550A0F53924500C8B514 /* Localizable.strings in Resources */,
				22130BB9132ECE1E002DDC42 /* MainMenu.xib in Resources */,
				226544F613319E66004CAD6B /* Preferences.xib in Resources */,
			);
			runOnlyForDeploymentPostprocessing = 0;
		};
/* End PBXResourcesBuildPhase section */

/* Begin PBXShellScriptBuildPhase section */
		1EFD51BA0F892B1A00B029BB /* ShellScript */ = {
			isa = PBXShellScriptBuildPhase;
			buildActionMask = 2147483647;
			files = (
			);
			inputPaths = (
			);
			outputPaths = (
			);
			runOnlyForDeploymentPostprocessing = 0;
			shellPath = /bin/sh;
			shellScript = "cp ../../README $BUILT_PRODUCTS_DIR/DeSmuME.app/Contents/Resources/README\ncp ../../README.MAC $BUILT_PRODUCTS_DIR/DeSmuME.app/Contents/Resources/README.MAC\ncp ../../AUTHORS $BUILT_PRODUCTS_DIR/DeSmuME.app/Contents/Resources/AUTHORS\ncp ../../README.TRANSLATION $BUILT_PRODUCTS_DIR/DeSmuME.app/Contents/Resources/README.TRANSLATION\ncp ../../ChangeLog $BUILT_PRODUCTS_DIR/DeSmuME.app/Contents/Resources/ChangeLog\ncp ../../COPYING $BUILT_PRODUCTS_DIR/DeSmuME.app/Contents/Resources/COPYING\ncd $BUILT_PRODUCTS_DIR/DeSmuME.app/Contents/Resources/\n";
		};
		72C000600D9D61BF0046B7EA /* ShellScript */ = {
			isa = PBXShellScriptBuildPhase;
			buildActionMask = 2147483647;
			files = (
			);
			inputPaths = (
			);
			outputPaths = (
			);
			runOnlyForDeploymentPostprocessing = 0;
			shellPath = /bin/sh;
			shellScript = "cp ../../README $BUILT_PRODUCTS_DIR/DeSmuME.app/Contents/Resources/README\ncp ../../README.MAC $BUILT_PRODUCTS_DIR/DeSmuME.app/Contents/Resources/README.MAC\ncp ../../AUTHORS $BUILT_PRODUCTS_DIR/DeSmuME.app/Contents/Resources/AUTHORS\ncp ../../README.TRANSLATION $BUILT_PRODUCTS_DIR/DeSmuME.app/Contents/Resources/README.TRANSLATION\ncp ../../ChangeLog $BUILT_PRODUCTS_DIR/DeSmuME.app/Contents/Resources/ChangeLog\ncp ../../COPYING $BUILT_PRODUCTS_DIR/DeSmuME.app/Contents/Resources/COPYING\ncd $BUILT_PRODUCTS_DIR/DeSmuME.app/Contents/Resources/\n";
		};
/* End PBXShellScriptBuildPhase section */

/* Begin PBXSourcesBuildPhase section */
		1EFD517C0F892B1A00B029BB /* Sources */ = {
			isa = PBXSourcesBuildPhase;
			buildActionMask = 2147483647;
			files = (
				1EFD517D0F892B1A00B029BB /* cocoa_util.m in Sources */,
				1EFD517F0F892B1A00B029BB /* main.mm in Sources */,
				1EFD51800F892B1A00B029BB /* NDSController.mm in Sources */,
				1EFD51810F892B1A00B029BB /* NintendoDS.mm in Sources */,
				1EFD51820F892B1A00B029BB /* DesmumePreferencesController.mm in Sources */,
				1EFD51830F892B1A00B029BB /* screenshot.mm in Sources */,
				1EFD51840F892B1A00B029BB /* NDSView.mm in Sources */,
				1EFD51850F892B1A00B029BB /* about.m in Sources */,
				1EFD51860F892B1A00B029BB /* speed_limit_selection_window.mm in Sources */,
				1EFD519E0F892B1A00B029BB /* screen_state.m in Sources */,
				1EFD51A30F892B1A00B029BB /* sndOSX.mm in Sources */,
				1EFD51A40F892B1A00B029BB /* rom_info.m in Sources */,
				1EFD51A70F892B1A00B029BB /* crc.cpp in Sources */,
				1EFD51A80F892B1A00B029BB /* decrypt.cpp in Sources */,
				1EFD51A90F892B1A00B029BB /* header.cpp in Sources */,
				1EFD51B50F892B1A00B029BB /* gdbstub.cpp in Sources */,
				22134923132CBF6400E191EF /* addons.cpp in Sources */,
				22134929132CBF6400E191EF /* arm_instructions.cpp in Sources */,
				2213492B132CBF6400E191EF /* armcpu.cpp in Sources */,
				2213492D132CBF6400E191EF /* bios.cpp in Sources */,
				2213492F132CBF6400E191EF /* cheatSystem.cpp in Sources */,
				22134933132CBF6400E191EF /* common.cpp in Sources */,
				22134935132CBF6400E191EF /* cp15.cpp in Sources */,
				22134939132CBF6400E191EF /* debug.cpp in Sources */,
				2213493F132CBF6400E191EF /* Disassembler.cpp in Sources */,
				22134941132CBF6400E191EF /* driver.cpp in Sources */,
				22134945132CBF6400E191EF /* emufile.cpp in Sources */,
				22134947132CBF6400E191EF /* FIFO.cpp in Sources */,
				22134949132CBF6400E191EF /* firmware.cpp in Sources */,
				2213494B132CBF6400E191EF /* fs-linux.cpp in Sources */,
				2213494F132CBF6400E191EF /* gfx3d.cpp in Sources */,
				22134951132CBF6400E191EF /* GPU_osd_stub.cpp in Sources */,
				22134955132CBF6400E191EF /* GPU.cpp in Sources */,
				2213495B132CBF6400E191EF /* matrix.cpp in Sources */,
				2213495D132CBF6400E191EF /* mc.cpp in Sources */,
				22134963132CBF6400E191EF /* mic.cpp in Sources */,
				22134965132CBF6400E191EF /* MMU.cpp in Sources */,
				22134967132CBF6400E191EF /* movie.cpp in Sources */,
				22134969132CBF6400E191EF /* NDSSystem.cpp in Sources */,
				2213496B132CBF6400E191EF /* OGLRender.cpp in Sources */,
				2213496D132CBF6400E191EF /* readwrite.cpp in Sources */,
				2213496F132CBF6400E191EF /* render3D.cpp in Sources */,
				22134971132CBF6400E191EF /* ROMReader.cpp in Sources */,
				22134973132CBF6400E191EF /* rtc.cpp in Sources */,
				22134975132CBF6400E191EF /* saves.cpp in Sources */,
				22134977132CBF6400E191EF /* slot1.cpp in Sources */,
				2213497B132CBF6400E191EF /* SPU.cpp in Sources */,
				2213497D132CBF6400E191EF /* texcache.cpp in Sources */,
				2213497F132CBF6400E191EF /* thumb_instructions.cpp in Sources */,
				22134983132CBF6400E191EF /* version.cpp in Sources */,
				22134985132CBF6400E191EF /* wifi.cpp in Sources */,
				22671EC4132D73A000792805 /* slot1_none.cpp in Sources */,
				22671EC6132D73A000792805 /* slot1_r4.cpp in Sources */,
				22671EC8132D73A000792805 /* slot1_retail.cpp in Sources */,
				22671ECB132D75BC00792805 /* rasterize.cpp in Sources */,
				22671EFF132D763700792805 /* ConvertUTF.c in Sources */,
				22671F01132D763700792805 /* datetime.cpp in Sources */,
				22671F09132D763700792805 /* dlditool.cpp in Sources */,
				22671F0B132D763700792805 /* guid.cpp in Sources */,
				22671F0D132D763700792805 /* cache.cpp in Sources */,
				22671F0F132D763700792805 /* directory.cpp in Sources */,
				22671F11132D763700792805 /* disc.cpp in Sources */,
				22671F13132D763700792805 /* fatdir.cpp in Sources */,
				22671F15132D763700792805 /* fatfile.cpp in Sources */,
				22671F17132D763700792805 /* file_allocation_table.cpp in Sources */,
				22671F19132D763700792805 /* filetime.cpp in Sources */,
				22671F1B132D763700792805 /* libfat.cpp in Sources */,
				22671F1D132D763700792805 /* libfat_public_api.cpp in Sources */,
				22671F1F132D763700792805 /* lock.cpp in Sources */,
				22671F21132D763700792805 /* partition.cpp in Sources */,
				22671F23132D763700792805 /* md5.cpp in Sources */,
				22671F25132D763700792805 /* task.cpp in Sources */,
				22671F27132D763700792805 /* xstring.cpp in Sources */,
				22671F2F132D7B8B00792805 /* metaspu.cpp in Sources */,
				22130BB7132EC7C5002DDC42 /* DemumeAppDelegate.mm in Sources */,
				22130BBF132ED0E1002DDC42 /* gdb_stub.c in Sources */,
				22A5DD7E134E642D00518C07 /* slot2_expMemory.cpp in Sources */,
				22A5DD80134E642D00518C07 /* slot2_gbagame.cpp in Sources */,
				22A5DD82134E642D00518C07 /* slot2_guitarGrip.cpp in Sources */,
				22A5DD84134E642D00518C07 /* slot2_mpcf.cpp in Sources */,
				22A5DD86134E642D00518C07 /* slot2_none.cpp in Sources */,
				22A5DD88134E642D00518C07 /* slot2_paddle.cpp in Sources */,
				22A5DD8A134E642D00518C07 /* slot2_piano.cpp in Sources */,
				22A5DD8C134E642D00518C07 /* slot2_rumblepak.cpp in Sources */,
				22A5DD91134E646500518C07 /* emufat.cpp in Sources */,
				22A5DD95134E64AD00518C07 /* vfat.cpp in Sources */,
				22A5DD98134E64E900518C07 /* input.mm in Sources */,
			);
			runOnlyForDeploymentPostprocessing = 0;
		};
		8D11072C0486CEB800E47090 /* Sources */ = {
			isa = PBXSourcesBuildPhase;
			buildActionMask = 2147483647;
			files = (
				729BEC6F0D9D55DB00ED561B /* cocoa_util.m in Sources */,
				729BEC730D9D55DB00ED561B /* main.mm in Sources */,
				729BEC740D9D55DB00ED561B /* NDSController.mm in Sources */,
				729BEC750D9D55DB00ED561B /* NintendoDS.mm in Sources */,
				729BEC760D9D55DB00ED561B /* DesmumePreferencesController.mm in Sources */,
				729BEC780D9D55DB00ED561B /* screenshot.mm in Sources */,
				729BEC7A0D9D55DB00ED561B /* NDSView.mm in Sources */,
				7277B8EB0D9F25F700D283BD /* about.m in Sources */,
				7233955A0E596E9100999693 /* speed_limit_selection_window.mm in Sources */,
				72D89DE50E83973A008D9B64 /* screen_state.m in Sources */,
				721F43E50EA2A23F0037FB33 /* sndOSX.mm in Sources */,
				721F44230EA2BB6E0037FB33 /* rom_info.m in Sources */,
				1FDD294F0F080DBD004021C9 /* crc.cpp in Sources */,
				1FDD29500F080DBD004021C9 /* decrypt.cpp in Sources */,
				1FDD29510F080DBD004021C9 /* header.cpp in Sources */,
				22134922132CBF6400E191EF /* addons.cpp in Sources */,
				22134928132CBF6400E191EF /* arm_instructions.cpp in Sources */,
				2213492A132CBF6400E191EF /* armcpu.cpp in Sources */,
				2213492C132CBF6400E191EF /* bios.cpp in Sources */,
				2213492E132CBF6400E191EF /* cheatSystem.cpp in Sources */,
				22134932132CBF6400E191EF /* common.cpp in Sources */,
				22134934132CBF6400E191EF /* cp15.cpp in Sources */,
				22134938132CBF6400E191EF /* debug.cpp in Sources */,
				2213493E132CBF6400E191EF /* Disassembler.cpp in Sources */,
				22134940132CBF6400E191EF /* driver.cpp in Sources */,
				22134944132CBF6400E191EF /* emufile.cpp in Sources */,
				22134946132CBF6400E191EF /* FIFO.cpp in Sources */,
				22134948132CBF6400E191EF /* firmware.cpp in Sources */,
				2213494A132CBF6400E191EF /* fs-linux.cpp in Sources */,
				2213494E132CBF6400E191EF /* gfx3d.cpp in Sources */,
				22134950132CBF6400E191EF /* GPU_osd_stub.cpp in Sources */,
				22134954132CBF6400E191EF /* GPU.cpp in Sources */,
				2213495A132CBF6400E191EF /* matrix.cpp in Sources */,
				2213495C132CBF6400E191EF /* mc.cpp in Sources */,
				22134962132CBF6400E191EF /* mic.cpp in Sources */,
				22134964132CBF6400E191EF /* MMU.cpp in Sources */,
				22134966132CBF6400E191EF /* movie.cpp in Sources */,
				22134968132CBF6400E191EF /* NDSSystem.cpp in Sources */,
				2213496A132CBF6400E191EF /* OGLRender.cpp in Sources */,
				2213496C132CBF6400E191EF /* readwrite.cpp in Sources */,
				2213496E132CBF6400E191EF /* render3D.cpp in Sources */,
				22134970132CBF6400E191EF /* ROMReader.cpp in Sources */,
				22134972132CBF6400E191EF /* rtc.cpp in Sources */,
				22134974132CBF6400E191EF /* saves.cpp in Sources */,
				22134976132CBF6400E191EF /* slot1.cpp in Sources */,
				2213497A132CBF6400E191EF /* SPU.cpp in Sources */,
				2213497C132CBF6400E191EF /* texcache.cpp in Sources */,
				2213497E132CBF6400E191EF /* thumb_instructions.cpp in Sources */,
				22134982132CBF6400E191EF /* version.cpp in Sources */,
				22134984132CBF6400E191EF /* wifi.cpp in Sources */,
				22671EC3132D73A000792805 /* slot1_none.cpp in Sources */,
				22671EC5132D73A000792805 /* slot1_r4.cpp in Sources */,
				22671EC7132D73A000792805 /* slot1_retail.cpp in Sources */,
				22671ECA132D75BC00792805 /* rasterize.cpp in Sources */,
				22671EFE132D763700792805 /* ConvertUTF.c in Sources */,
				22671F00132D763700792805 /* datetime.cpp in Sources */,
				22671F08132D763700792805 /* dlditool.cpp in Sources */,
				22671F0A132D763700792805 /* guid.cpp in Sources */,
				22671F0C132D763700792805 /* cache.cpp in Sources */,
				22671F0E132D763700792805 /* directory.cpp in Sources */,
				22671F10132D763700792805 /* disc.cpp in Sources */,
				22671F12132D763700792805 /* fatdir.cpp in Sources */,
				22671F14132D763700792805 /* fatfile.cpp in Sources */,
				22671F16132D763700792805 /* file_allocation_table.cpp in Sources */,
				22671F18132D763700792805 /* filetime.cpp in Sources */,
				22671F1A132D763700792805 /* libfat.cpp in Sources */,
				22671F1C132D763700792805 /* libfat_public_api.cpp in Sources */,
				22671F1E132D763700792805 /* lock.cpp in Sources */,
				22671F20132D763700792805 /* partition.cpp in Sources */,
				22671F22132D763700792805 /* md5.cpp in Sources */,
				22671F24132D763700792805 /* task.cpp in Sources */,
				22671F26132D763700792805 /* xstring.cpp in Sources */,
				22671F2E132D7B8B00792805 /* metaspu.cpp in Sources */,
				22130BB6132EC7C5002DDC42 /* DemumeAppDelegate.mm in Sources */,
				22130BBE132ED0E1002DDC42 /* gdb_stub.c in Sources */,
				22A5DD7D134E642D00518C07 /* slot2_expMemory.cpp in Sources */,
				22A5DD7F134E642D00518C07 /* slot2_gbagame.cpp in Sources */,
				22A5DD81134E642D00518C07 /* slot2_guitarGrip.cpp in Sources */,
				22A5DD83134E642D00518C07 /* slot2_mpcf.cpp in Sources */,
				22A5DD85134E642D00518C07 /* slot2_none.cpp in Sources */,
				22A5DD87134E642D00518C07 /* slot2_paddle.cpp in Sources */,
				22A5DD89134E642D00518C07 /* slot2_piano.cpp in Sources */,
				22A5DD8B134E642D00518C07 /* slot2_rumblepak.cpp in Sources */,
				22A5DD90134E646500518C07 /* emufat.cpp in Sources */,
				22A5DD94134E64AD00518C07 /* vfat.cpp in Sources */,
				22A5DD97134E64E900518C07 /* input.mm in Sources */,
			);
			runOnlyForDeploymentPostprocessing = 0;
		};
/* End PBXSourcesBuildPhase section */

/* Begin PBXVariantGroup section */
		1F4B55090F53924500C8B514 /* Localizable.strings */ = {
			isa = PBXVariantGroup;
			children = (
				1F4B55030F53921B00C8B514 /* English */,
				1F4B550D0F53928000C8B514 /* Italian */,
				1F4B550E0F53928400C8B514 /* Japanese */,
				1F4B550F0F53928700C8B514 /* French */,
			);
			name = Localizable.strings;
			sourceTree = "<group>";
		};
/* End PBXVariantGroup section */

/* Begin XCBuildConfiguration section */
		1EFD51BC0F892B1A00B029BB /* Debug */ = {
			isa = XCBuildConfiguration;
			buildSettings = {
				ALWAYS_SEARCH_USER_PATHS = NO;
				ARCHS = "$(ARCHS_STANDARD_32_BIT_PRE_XCODE_3_1)";
				ARCHS_STANDARD_32_BIT_PRE_XCODE_3_1 = "ppc i386";
				COPY_PHASE_STRIP = YES;
				GCC_AUTO_VECTORIZATION = YES;
				GCC_DYNAMIC_NO_PIC = NO;
				GCC_ENABLE_FIX_AND_CONTINUE = YES;
				GCC_MODEL_TUNING = G5;
				GCC_OPTIMIZATION_LEVEL = 3;
				GCC_PRECOMPILE_PREFIX_HEADER = YES;
				GCC_PREFIX_HEADER = "";
				GCC_PREPROCESSOR_DEFINITIONS = (
					DESMUME_OBJ_C,
					HAVE_OPENGL,
					HAVE_LIBZ,
					DESMUME_COCOA,
					GDB_STUB,
				);
				GCC_STRICT_ALIASING = YES;
				GCC_UNROLL_LOOPS = YES;
				INFOPLIST_FILE = Info.plist;
				INSTALL_PATH = "$(HOME)/Applications";
				ONLY_ACTIVE_ARCH = NO;
				PRODUCT_NAME = DeSmuME;
				STRIP_INSTALLED_PRODUCT = YES;
				VALID_ARCHS = "i386 ppc";
			};
			name = Debug;
		};
		1EFD51BD0F892B1A00B029BB /* Release */ = {
			isa = XCBuildConfiguration;
			buildSettings = {
				ALWAYS_SEARCH_USER_PATHS = NO;
				ARCHS = "$(ARCHS_STANDARD_32_BIT_PRE_XCODE_3_1)";
				ARCHS_STANDARD_32_BIT_PRE_XCODE_3_1 = "ppc i386";
				COPY_PHASE_STRIP = YES;
				DEBUG_INFORMATION_FORMAT = "dwarf-with-dsym";
				GCC_AUTO_VECTORIZATION = YES;
				GCC_MODEL_TUNING = G5;
				GCC_OPTIMIZATION_LEVEL = 3;
				GCC_PRECOMPILE_PREFIX_HEADER = YES;
				GCC_PREFIX_HEADER = "";
				GCC_PREPROCESSOR_DEFINITIONS = (
					DESMUME_OBJ_C,
					HAVE_OPENGL,
					HAVE_LIBZ,
					DESMUME_COCOA,
					GDB_STUB,
				);
				GCC_STRICT_ALIASING = YES;
				GCC_UNROLL_LOOPS = YES;
				INFOPLIST_FILE = Info.plist;
				INSTALL_PATH = "$(HOME)/Applications";
				ONLY_ACTIVE_ARCH = NO;
				PRODUCT_NAME = DeSmuME;
				STRIP_INSTALLED_PRODUCT = YES;
				VALID_ARCHS = "i386 ppc";
			};
			name = Release;
		};
		C01FCF4B08A954540054247B /* Debug */ = {
			isa = XCBuildConfiguration;
			buildSettings = {
				ALWAYS_SEARCH_USER_PATHS = NO;
				COPY_PHASE_STRIP = NO;
				GCC_AUTO_VECTORIZATION = YES;
				GCC_DYNAMIC_NO_PIC = NO;
				GCC_ENABLE_FIX_AND_CONTINUE = YES;
				GCC_MODEL_TUNING = G5;
				GCC_STRICT_ALIASING = YES;
				GCC_UNROLL_LOOPS = YES;
				INFOPLIST_FILE = Info.plist;
				INSTALL_PATH = "$(HOME)/Applications";
				PRODUCT_NAME = DeSmuME;
			};
			name = Debug;
		};
		C01FCF4C08A954540054247B /* Release */ = {
			isa = XCBuildConfiguration;
			buildSettings = {
				ALWAYS_SEARCH_USER_PATHS = NO;
				DEBUG_INFORMATION_FORMAT = "dwarf-with-dsym";
				GCC_AUTO_VECTORIZATION = YES;
				GCC_MODEL_TUNING = G5;
				GCC_STRICT_ALIASING = YES;
				GCC_UNROLL_LOOPS = YES;
				INFOPLIST_FILE = Info.plist;
				INSTALL_PATH = "$(HOME)/Applications";
				PRODUCT_NAME = DeSmuME;
			};
			name = Release;
		};
		C01FCF4F08A954540054247B /* Debug */ = {
			isa = XCBuildConfiguration;
			buildSettings = {
				ALWAYS_SEARCH_USER_PATHS = NO;
				ARCHS = "$(ONLY_ACTIVE_ARCH_PRE_XCODE_3_1)";
				GCC_OPTIMIZATION_LEVEL = 3;
				GCC_PREPROCESSOR_DEFINITIONS = (
					DESMUME_OBJ_C,
					HAVE_LIBZ,
					DESMUME_COCOA,
					HAVE_OPENGL,
				);
				GCC_TREAT_IMPLICIT_FUNCTION_DECLARATIONS_AS_ERRORS = YES;
				GCC_VERSION = com.apple.compilers.llvm.clang.1_0;
				GCC_WARN_ABOUT_RETURN_TYPE = YES;
				GCC_WARN_UNUSED_VARIABLE = YES;
				ONLY_ACTIVE_ARCH_PRE_XCODE_3_1 = "$(NATIVE_ARCH_ACTUAL)";
				OTHER_LDFLAGS = "-lz";
				PREBINDING = NO;
				SDKROOT = "$(DEVELOPER_SDK_DIR)/MacOSX10.6.sdk";
			};
			name = Debug;
		};
		C01FCF5008A954540054247B /* Release */ = {
			isa = XCBuildConfiguration;
			buildSettings = {
				ALWAYS_SEARCH_USER_PATHS = NO;
				ARCHS = "$(ONLY_ACTIVE_ARCH_PRE_XCODE_3_1)";
				GCC_OPTIMIZATION_LEVEL = 3;
				GCC_PREPROCESSOR_DEFINITIONS = (
					DESMUME_OBJ_C,
					HAVE_LIBZ,
					DESMUME_COCOA,
					HAVE_OPENGL,
				);
				GCC_TREAT_IMPLICIT_FUNCTION_DECLARATIONS_AS_ERRORS = YES;
				GCC_VERSION = com.apple.compilers.llvm.clang.1_0;
				GCC_WARN_ABOUT_RETURN_TYPE = YES;
				GCC_WARN_UNUSED_VARIABLE = YES;
				ONLY_ACTIVE_ARCH_PRE_XCODE_3_1 = "$(NATIVE_ARCH_ACTUAL)";
				OTHER_LDFLAGS = "-lz";
				PREBINDING = NO;
				SDKROOT = "$(DEVELOPER_SDK_DIR)/MacOSX10.6.sdk";
			};
			name = Release;
		};
/* End XCBuildConfiguration section */

/* Begin XCConfigurationList section */
		1EFD51BB0F892B1A00B029BB /* Build configuration list for PBXNativeTarget "DeSmuME_gdbstub" */ = {
			isa = XCConfigurationList;
			buildConfigurations = (
				1EFD51BC0F892B1A00B029BB /* Debug */,
				1EFD51BD0F892B1A00B029BB /* Release */,
			);
			defaultConfigurationIsVisible = 0;
			defaultConfigurationName = Release;
		};
		C01FCF4A08A954540054247B /* Build configuration list for PBXNativeTarget "DeSmuME" */ = {
			isa = XCConfigurationList;
			buildConfigurations = (
				C01FCF4B08A954540054247B /* Debug */,
				C01FCF4C08A954540054247B /* Release */,
			);
			defaultConfigurationIsVisible = 0;
			defaultConfigurationName = Release;
		};
		C01FCF4E08A954540054247B /* Build configuration list for PBXProject "DeSmuME" */ = {
			isa = XCConfigurationList;
			buildConfigurations = (
				C01FCF4F08A954540054247B /* Debug */,
				C01FCF5008A954540054247B /* Release */,
			);
			defaultConfigurationIsVisible = 0;
			defaultConfigurationName = Release;
		};
/* End XCConfigurationList section */
	};
	rootObject = 29B97313FDCFA39411CA2CEA /* Project object */;
}
